
Microsoft Visual Studio Solution File, Format Version 10.00
# Visual Studio 2008
Project("{8BC9CEB8-8B4A-11D0-8D11-00A0C91BC942}") = "Heart", "Heart.vcproj", "{91FAD237-335F-455A-ACBD-0220BDDEEF59}"
	ProjectSection(ProjectDependencies) = postProject
		{CD662F30-81AF-455D-BAFE-F2AB792946DF} = {CD662F30-81AF-455D-BAFE-F2AB792946DF}
		{B6336438-778E-43FF-A4AC-3FE436BEB1A0} = {B6336438-778E-43FF-A4AC-3FE436BEB1A0}
		{6DEED149-CB51-4363-81C4-757308AAAE53} = {6DEED149-CB51-4363-81C4-757308AAAE53}
		{3D72FC73-6645-4806-8B7B-4B3C409AC1BA} = {3D72FC73-6645-4806-8B7B-4B3C409AC1BA}
		{5D558997-D21E-42BF-BCDA-6D076532FBB6} = {5D558997-D21E-42BF-BCDA-6D076532FBB6}
		{FF168AA3-1B40-4025-A51D-4F405112F336} = {FF168AA3-1B40-4025-A51D-4F405112F336}
		{D876BCC5-994D-4E2F-86E2-00D9DE7C73C2} = {D876BCC5-994D-4E2F-86E2-00D9DE7C73C2}
		{3BD711CA-891A-4D65-A462-B2114402465F} = {3BD711CA-891A-4D65-A462-B2114402465F}
		{F31D47E7-4C01-4B67-8EB8-4252E911878C} = {F31D47E7-4C01-4B67-8EB8-4252E911878C}
	EndProjectSection
EndProject
Project("{8BC9CEB8-8B4A-11D0-8D11-00A0C91BC942}") = "zlib", "..\zlib\zlib.vcproj", "{CD662F30-81AF-455D-BAFE-F2AB792946DF}"
EndProject
Project("{8BC9CEB8-8B4A-11D0-8D11-00A0C91BC942}") = "TestBed", "..\TestBed\TestBed.vcproj", "{F38FE900-110C-42A1-A9FC-94F1225D94C9}"
	ProjectSection(ProjectDependencies) = postProject
		{91FAD237-335F-455A-ACBD-0220BDDEEF59} = {91FAD237-335F-455A-ACBD-0220BDDEEF59}
	EndProjectSection
EndProject
Project("{2150E333-8FDC-42A3-9474-1A3956D46DE8}") = "Engine", "Engine", "{CEF95F9D-5C16-4216-A9E1-0540454B1C3E}"
EndProject
Project("{8BC9CEB8-8B4A-11D0-8D11-00A0C91BC942}") = "libnoise", "..\libnoise\libnoise.vcproj", "{A89FD30D-9C0D-49D2-8C97-58586205A7B3}"
EndProject
Project("{8BC9CEB8-8B4A-11D0-8D11-00A0C91BC942}") = "minizip", "..\minizip\minizip.vcproj", "{FF168AA3-1B40-4025-A51D-4F405112F336}"
EndProject
Project("{8BC9CEB8-8B4A-11D0-8D11-00A0C91BC942}") = "lua", "..\lua\lua.vcproj", "{B6336438-778E-43FF-A4AC-3FE436BEB1A0}"
EndProject
Project("{8BC9CEB8-8B4A-11D0-8D11-00A0C91BC942}") = "tinyXML", "..\tinyXML\tinyXML.vcproj", "{5D558997-D21E-42BF-BCDA-6D076532FBB6}"
EndProject
Project("{8BC9CEB8-8B4A-11D0-8D11-00A0C91BC942}") = "DeviceWin32", "..\DeviceWin32\DeviceWin32.vcproj", "{3D72FC73-6645-4806-8B7B-4B3C409AC1BA}"
EndProject
Project("{2150E333-8FDC-42A3-9474-1A3956D46DE8}") = "Win32", "Win32", "{82B52637-BC0F-4440-994B-A92FBA89A80A}"
EndProject
Project("{2150E333-8FDC-42A3-9474-1A3956D46DE8}") = "Device", "Device", "{F687E727-96DE-4BE6-A7CC-71C6E5ABBE52}"
EndProject
Project("{2150E333-8FDC-42A3-9474-1A3956D46DE8}") = "Render", "Render", "{783AF7F5-C0AF-484A-99F5-E1AC5A6CE586}"
EndProject
Project("{8BC9CEB8-8B4A-11D0-8D11-00A0C91BC942}") = "DeviceWin32D3D9", "..\DeviceWin32D3D9\DeviceWin32D3D9.vcproj", "{D876BCC5-994D-4E2F-86E2-00D9DE7C73C2}"
EndProject
Project("{8BC9CEB8-8B4A-11D0-8D11-00A0C91BC942}") = "DeviceWin32OpenGL", "..\DeviceWin32OpenGL\DeviceWin32OpenGL.vcproj", "{6DEED149-CB51-4363-81C4-757308AAAE53}"
EndProject
Project("{8BC9CEB8-8B4A-11D0-8D11-00A0C91BC942}") = "crypto", "..\crypto\crypto.vcproj", "{F31D47E7-4C01-4B67-8EB8-4252E911878C}"
EndProject
Project("{8BC9CEB8-8B4A-11D0-8D11-00A0C91BC942}") = "DeviceWin32DX11", "..\DeviceWin32DX11\DeviceWin32DX11.vcproj", "{3BD711CA-891A-4D65-A462-B2114402465F}"
EndProject
Global
	GlobalSection(SolutionConfigurationPlatforms) = preSolution
		Debug|Any CPU = Debug|Any CPU
		Debug|Mixed Platforms = Debug|Mixed Platforms
		Debug|Win32 = Debug|Win32
		DebugWin32D3D9|Any CPU = DebugWin32D3D9|Any CPU
		DebugWin32D3D9|Mixed Platforms = DebugWin32D3D9|Mixed Platforms
		DebugWin32D3D9|Win32 = DebugWin32D3D9|Win32
		DebugWin32DX11|Any CPU = DebugWin32DX11|Any CPU
		DebugWin32DX11|Mixed Platforms = DebugWin32DX11|Mixed Platforms
		DebugWin32DX11|Win32 = DebugWin32DX11|Win32
		DebugWin32OpenGL|Any CPU = DebugWin32OpenGL|Any CPU
		DebugWin32OpenGL|Mixed Platforms = DebugWin32OpenGL|Mixed Platforms
		DebugWin32OpenGL|Win32 = DebugWin32OpenGL|Win32
		Release|Any CPU = Release|Any CPU
		Release|Mixed Platforms = Release|Mixed Platforms
		Release|Win32 = Release|Win32
		ReleaseWin32D3D9|Any CPU = ReleaseWin32D3D9|Any CPU
		ReleaseWin32D3D9|Mixed Platforms = ReleaseWin32D3D9|Mixed Platforms
		ReleaseWin32D3D9|Win32 = ReleaseWin32D3D9|Win32
	EndGlobalSection
	GlobalSection(ProjectConfigurationPlatforms) = postSolution
		{91FAD237-335F-455A-ACBD-0220BDDEEF59}.Debug|Any CPU.ActiveCfg = DebugWin32OpenGL|Win32
		{91FAD237-335F-455A-ACBD-0220BDDEEF59}.Debug|Mixed Platforms.ActiveCfg = DebugWin32OpenGL|Win32
		{91FAD237-335F-455A-ACBD-0220BDDEEF59}.Debug|Mixed Platforms.Build.0 = DebugWin32OpenGL|Win32
		{91FAD237-335F-455A-ACBD-0220BDDEEF59}.Debug|Win32.ActiveCfg = PackerDebug|Win32
		{91FAD237-335F-455A-ACBD-0220BDDEEF59}.Debug|Win32.Build.0 = PackerDebug|Win32
		{91FAD237-335F-455A-ACBD-0220BDDEEF59}.DebugWin32D3D9|Any CPU.ActiveCfg = DebugWin32D3D9|Win32
		{91FAD237-335F-455A-ACBD-0220BDDEEF59}.DebugWin32D3D9|Mixed Platforms.ActiveCfg = DebugWin32D3D9|Win32
		{91FAD237-335F-455A-ACBD-0220BDDEEF59}.DebugWin32D3D9|Mixed Platforms.Build.0 = DebugWin32D3D9|Win32
		{91FAD237-335F-455A-ACBD-0220BDDEEF59}.DebugWin32D3D9|Win32.ActiveCfg = DebugWin32D3D9|Win32
		{91FAD237-335F-455A-ACBD-0220BDDEEF59}.DebugWin32D3D9|Win32.Build.0 = DebugWin32D3D9|Win32
		{91FAD237-335F-455A-ACBD-0220BDDEEF59}.DebugWin32DX11|Any CPU.ActiveCfg = DebugWin32D3D9|Win32
		{91FAD237-335F-455A-ACBD-0220BDDEEF59}.DebugWin32DX11|Mixed Platforms.ActiveCfg = DebugWin32D3D9|Win32
		{91FAD237-335F-455A-ACBD-0220BDDEEF59}.DebugWin32DX11|Mixed Platforms.Build.0 = DebugWin32D3D9|Win32
		{91FAD237-335F-455A-ACBD-0220BDDEEF59}.DebugWin32DX11|Win32.ActiveCfg = DebugWin32DX11|Win32
		{91FAD237-335F-455A-ACBD-0220BDDEEF59}.DebugWin32DX11|Win32.Build.0 = DebugWin32DX11|Win32
		{91FAD237-335F-455A-ACBD-0220BDDEEF59}.DebugWin32OpenGL|Any CPU.ActiveCfg = DebugWin32D3D9|Win32
		{91FAD237-335F-455A-ACBD-0220BDDEEF59}.DebugWin32OpenGL|Mixed Platforms.ActiveCfg = DebugWin32D3D9|Win32
		{91FAD237-335F-455A-ACBD-0220BDDEEF59}.DebugWin32OpenGL|Mixed Platforms.Build.0 = DebugWin32D3D9|Win32
		{91FAD237-335F-455A-ACBD-0220BDDEEF59}.DebugWin32OpenGL|Win32.ActiveCfg = DebugWin32OpenGL|Win32
		{91FAD237-335F-455A-ACBD-0220BDDEEF59}.DebugWin32OpenGL|Win32.Build.0 = DebugWin32OpenGL|Win32
		{91FAD237-335F-455A-ACBD-0220BDDEEF59}.Release|Any CPU.ActiveCfg = ReleaseWin32D3D9|Win32
		{91FAD237-335F-455A-ACBD-0220BDDEEF59}.Release|Mixed Platforms.ActiveCfg = ReleaseWin32D3D9|Win32
		{91FAD237-335F-455A-ACBD-0220BDDEEF59}.Release|Mixed Platforms.Build.0 = ReleaseWin32D3D9|Win32
		{91FAD237-335F-455A-ACBD-0220BDDEEF59}.Release|Win32.ActiveCfg = PackerRelease|Win32
		{91FAD237-335F-455A-ACBD-0220BDDEEF59}.Release|Win32.Build.0 = PackerRelease|Win32
		{91FAD237-335F-455A-ACBD-0220BDDEEF59}.ReleaseWin32D3D9|Any CPU.ActiveCfg = ReleaseWin32D3D9|Win32
		{91FAD237-335F-455A-ACBD-0220BDDEEF59}.ReleaseWin32D3D9|Mixed Platforms.ActiveCfg = ReleaseWin32D3D9|Win32
		{91FAD237-335F-455A-ACBD-0220BDDEEF59}.ReleaseWin32D3D9|Mixed Platforms.Build.0 = ReleaseWin32D3D9|Win32
		{91FAD237-335F-455A-ACBD-0220BDDEEF59}.ReleaseWin32D3D9|Win32.ActiveCfg = ReleaseWin32D3D9|Win32
		{91FAD237-335F-455A-ACBD-0220BDDEEF59}.ReleaseWin32D3D9|Win32.Build.0 = ReleaseWin32D3D9|Win32
		{CD662F30-81AF-455D-BAFE-F2AB792946DF}.Debug|Any CPU.ActiveCfg = Debug|Win32
		{CD662F30-81AF-455D-BAFE-F2AB792946DF}.Debug|Mixed Platforms.ActiveCfg = Debug|Win32
		{CD662F30-81AF-455D-BAFE-F2AB792946DF}.Debug|Mixed Platforms.Build.0 = Debug|Win32
		{CD662F30-81AF-455D-BAFE-F2AB792946DF}.Debug|Win32.ActiveCfg = Debug|Win32
		{CD662F30-81AF-455D-BAFE-F2AB792946DF}.Debug|Win32.Build.0 = Debug|Win32
		{CD662F30-81AF-455D-BAFE-F2AB792946DF}.DebugWin32D3D9|Any CPU.ActiveCfg = Debug|Win32
		{CD662F30-81AF-455D-BAFE-F2AB792946DF}.DebugWin32D3D9|Mixed Platforms.ActiveCfg = Debug|Win32
		{CD662F30-81AF-455D-BAFE-F2AB792946DF}.DebugWin32D3D9|Mixed Platforms.Build.0 = Debug|Win32
		{CD662F30-81AF-455D-BAFE-F2AB792946DF}.DebugWin32D3D9|Win32.ActiveCfg = Debug|Win32
		{CD662F30-81AF-455D-BAFE-F2AB792946DF}.DebugWin32D3D9|Win32.Build.0 = Debug|Win32
		{CD662F30-81AF-455D-BAFE-F2AB792946DF}.DebugWin32DX11|Any CPU.ActiveCfg = Debug|Win32
		{CD662F30-81AF-455D-BAFE-F2AB792946DF}.DebugWin32DX11|Mixed Platforms.ActiveCfg = Debug|Win32
		{CD662F30-81AF-455D-BAFE-F2AB792946DF}.DebugWin32DX11|Mixed Platforms.Build.0 = Debug|Win32
		{CD662F30-81AF-455D-BAFE-F2AB792946DF}.DebugWin32DX11|Win32.ActiveCfg = Debug|Win32
		{CD662F30-81AF-455D-BAFE-F2AB792946DF}.DebugWin32DX11|Win32.Build.0 = Debug|Win32
		{CD662F30-81AF-455D-BAFE-F2AB792946DF}.DebugWin32OpenGL|Any CPU.ActiveCfg = Debug|Win32
		{CD662F30-81AF-455D-BAFE-F2AB792946DF}.DebugWin32OpenGL|Mixed Platforms.ActiveCfg = Debug|Win32
		{CD662F30-81AF-455D-BAFE-F2AB792946DF}.DebugWin32OpenGL|Mixed Platforms.Build.0 = Debug|Win32
		{CD662F30-81AF-455D-BAFE-F2AB792946DF}.DebugWin32OpenGL|Win32.ActiveCfg = Debug|Win32
		{CD662F30-81AF-455D-BAFE-F2AB792946DF}.DebugWin32OpenGL|Win32.Build.0 = Debug|Win32
		{CD662F30-81AF-455D-BAFE-F2AB792946DF}.Release|Any CPU.ActiveCfg = Release|Win32
		{CD662F30-81AF-455D-BAFE-F2AB792946DF}.Release|Mixed Platforms.ActiveCfg = Release|Win32
		{CD662F30-81AF-455D-BAFE-F2AB792946DF}.Release|Mixed Platforms.Build.0 = Release|Win32
		{CD662F30-81AF-455D-BAFE-F2AB792946DF}.Release|Win32.ActiveCfg = Release|Win32
		{CD662F30-81AF-455D-BAFE-F2AB792946DF}.Release|Win32.Build.0 = Release|Win32
		{CD662F30-81AF-455D-BAFE-F2AB792946DF}.ReleaseWin32D3D9|Any CPU.ActiveCfg = Release|Win32
		{CD662F30-81AF-455D-BAFE-F2AB792946DF}.ReleaseWin32D3D9|Mixed Platforms.ActiveCfg = Release|Win32
		{CD662F30-81AF-455D-BAFE-F2AB792946DF}.ReleaseWin32D3D9|Mixed Platforms.Build.0 = Release|Win32
		{CD662F30-81AF-455D-BAFE-F2AB792946DF}.ReleaseWin32D3D9|Win32.ActiveCfg = Release|Win32
		{CD662F30-81AF-455D-BAFE-F2AB792946DF}.ReleaseWin32D3D9|Win32.Build.0 = Release|Win32
		{F38FE900-110C-42A1-A9FC-94F1225D94C9}.Debug|Any CPU.ActiveCfg = DebugWin32OpenGL|Win32
		{F38FE900-110C-42A1-A9FC-94F1225D94C9}.Debug|Mixed Platforms.ActiveCfg = DebugWin32OpenGL|Win32
		{F38FE900-110C-42A1-A9FC-94F1225D94C9}.Debug|Mixed Platforms.Build.0 = DebugWin32OpenGL|Win32
		{F38FE900-110C-42A1-A9FC-94F1225D94C9}.Debug|Win32.ActiveCfg = DebugWin32OpenGL|Win32
		{F38FE900-110C-42A1-A9FC-94F1225D94C9}.Debug|Win32.Build.0 = DebugWin32OpenGL|Win32
		{F38FE900-110C-42A1-A9FC-94F1225D94C9}.DebugWin32D3D9|Any CPU.ActiveCfg = DebugWin32D3D9|Win32
		{F38FE900-110C-42A1-A9FC-94F1225D94C9}.DebugWin32D3D9|Mixed Platforms.ActiveCfg = DebugWin32D3D9|Win32
		{F38FE900-110C-42A1-A9FC-94F1225D94C9}.DebugWin32D3D9|Mixed Platforms.Build.0 = DebugWin32D3D9|Win32
		{F38FE900-110C-42A1-A9FC-94F1225D94C9}.DebugWin32D3D9|Win32.ActiveCfg = DebugWin32D3D9|Win32
		{F38FE900-110C-42A1-A9FC-94F1225D94C9}.DebugWin32D3D9|Win32.Build.0 = DebugWin32D3D9|Win32
		{F38FE900-110C-42A1-A9FC-94F1225D94C9}.DebugWin32DX11|Any CPU.ActiveCfg = DebugWin32D3D9|Win32
		{F38FE900-110C-42A1-A9FC-94F1225D94C9}.DebugWin32DX11|Mixed Platforms.ActiveCfg = DebugWin32D3D9|Win32
		{F38FE900-110C-42A1-A9FC-94F1225D94C9}.DebugWin32DX11|Mixed Platforms.Build.0 = DebugWin32D3D9|Win32
		{F38FE900-110C-42A1-A9FC-94F1225D94C9}.DebugWin32DX11|Win32.ActiveCfg = DebugWin32DX11|Win32
		{F38FE900-110C-42A1-A9FC-94F1225D94C9}.DebugWin32DX11|Win32.Build.0 = DebugWin32DX11|Win32
		{F38FE900-110C-42A1-A9FC-94F1225D94C9}.DebugWin32OpenGL|Any CPU.ActiveCfg = DebugWin32D3D9|Win32
		{F38FE900-110C-42A1-A9FC-94F1225D94C9}.DebugWin32OpenGL|Mixed Platforms.ActiveCfg = DebugWin32D3D9|Win32
		{F38FE900-110C-42A1-A9FC-94F1225D94C9}.DebugWin32OpenGL|Mixed Platforms.Build.0 = DebugWin32D3D9|Win32
		{F38FE900-110C-42A1-A9FC-94F1225D94C9}.DebugWin32OpenGL|Win32.ActiveCfg = DebugWin32OpenGL|Win32
		{F38FE900-110C-42A1-A9FC-94F1225D94C9}.DebugWin32OpenGL|Win32.Build.0 = DebugWin32OpenGL|Win32
		{F38FE900-110C-42A1-A9FC-94F1225D94C9}.Release|Any CPU.ActiveCfg = ReleaseWin32D3D9|Win32
		{F38FE900-110C-42A1-A9FC-94F1225D94C9}.Release|Mixed Platforms.ActiveCfg = ReleaseWin32D3D9|Win32
		{F38FE900-110C-42A1-A9FC-94F1225D94C9}.Release|Mixed Platforms.Build.0 = ReleaseWin32D3D9|Win32
		{F38FE900-110C-42A1-A9FC-94F1225D94C9}.Release|Win32.ActiveCfg = ReleaseWin32D3D9|Win32
		{F38FE900-110C-42A1-A9FC-94F1225D94C9}.Release|Win32.Build.0 = ReleaseWin32D3D9|Win32
		{F38FE900-110C-42A1-A9FC-94F1225D94C9}.ReleaseWin32D3D9|Any CPU.ActiveCfg = ReleaseWin32D3D9|Win32
		{F38FE900-110C-42A1-A9FC-94F1225D94C9}.ReleaseWin32D3D9|Mixed Platforms.ActiveCfg = ReleaseWin32D3D9|Win32
		{F38FE900-110C-42A1-A9FC-94F1225D94C9}.ReleaseWin32D3D9|Mixed Platforms.Build.0 = ReleaseWin32D3D9|Win32
		{F38FE900-110C-42A1-A9FC-94F1225D94C9}.ReleaseWin32D3D9|Win32.ActiveCfg = ReleaseWin32D3D9|Win32
		{F38FE900-110C-42A1-A9FC-94F1225D94C9}.ReleaseWin32D3D9|Win32.Build.0 = ReleaseWin32D3D9|Win32
		{A89FD30D-9C0D-49D2-8C97-58586205A7B3}.Debug|Any CPU.ActiveCfg = Debug|Win32
		{A89FD30D-9C0D-49D2-8C97-58586205A7B3}.Debug|Mixed Platforms.ActiveCfg = Debug|Win32
		{A89FD30D-9C0D-49D2-8C97-58586205A7B3}.Debug|Mixed Platforms.Build.0 = Debug|Win32
		{A89FD30D-9C0D-49D2-8C97-58586205A7B3}.Debug|Win32.ActiveCfg = Debug|Win32
		{A89FD30D-9C0D-49D2-8C97-58586205A7B3}.Debug|Win32.Build.0 = Debug|Win32
		{A89FD30D-9C0D-49D2-8C97-58586205A7B3}.DebugWin32D3D9|Any CPU.ActiveCfg = Debug|Win32
		{A89FD30D-9C0D-49D2-8C97-58586205A7B3}.DebugWin32D3D9|Mixed Platforms.ActiveCfg = Debug|Win32
		{A89FD30D-9C0D-49D2-8C97-58586205A7B3}.DebugWin32D3D9|Mixed Platforms.Build.0 = Debug|Win32
		{A89FD30D-9C0D-49D2-8C97-58586205A7B3}.DebugWin32D3D9|Win32.ActiveCfg = Release|Win32
		{A89FD30D-9C0D-49D2-8C97-58586205A7B3}.DebugWin32D3D9|Win32.Build.0 = Release|Win32
		{A89FD30D-9C0D-49D2-8C97-58586205A7B3}.DebugWin32DX11|Any CPU.ActiveCfg = Debug|Win32
		{A89FD30D-9C0D-49D2-8C97-58586205A7B3}.DebugWin32DX11|Mixed Platforms.ActiveCfg = Debug|Win32
		{A89FD30D-9C0D-49D2-8C97-58586205A7B3}.DebugWin32DX11|Mixed Platforms.Build.0 = Debug|Win32
		{A89FD30D-9C0D-49D2-8C97-58586205A7B3}.DebugWin32DX11|Win32.ActiveCfg = Release|Win32
		{A89FD30D-9C0D-49D2-8C97-58586205A7B3}.DebugWin32DX11|Win32.Build.0 = Release|Win32
		{A89FD30D-9C0D-49D2-8C97-58586205A7B3}.DebugWin32OpenGL|Any CPU.ActiveCfg = Debug|Win32
		{A89FD30D-9C0D-49D2-8C97-58586205A7B3}.DebugWin32OpenGL|Mixed Platforms.ActiveCfg = Debug|Win32
		{A89FD30D-9C0D-49D2-8C97-58586205A7B3}.DebugWin32OpenGL|Mixed Platforms.Build.0 = Debug|Win32
		{A89FD30D-9C0D-49D2-8C97-58586205A7B3}.DebugWin32OpenGL|Win32.ActiveCfg = Release|Win32
		{A89FD30D-9C0D-49D2-8C97-58586205A7B3}.DebugWin32OpenGL|Win32.Build.0 = Release|Win32
		{A89FD30D-9C0D-49D2-8C97-58586205A7B3}.Release|Any CPU.ActiveCfg = Release|Win32
		{A89FD30D-9C0D-49D2-8C97-58586205A7B3}.Release|Mixed Platforms.ActiveCfg = Release|Win32
		{A89FD30D-9C0D-49D2-8C97-58586205A7B3}.Release|Mixed Platforms.Build.0 = Release|Win32
		{A89FD30D-9C0D-49D2-8C97-58586205A7B3}.Release|Win32.ActiveCfg = Release|Win32
		{A89FD30D-9C0D-49D2-8C97-58586205A7B3}.Release|Win32.Build.0 = Release|Win32
		{A89FD30D-9C0D-49D2-8C97-58586205A7B3}.ReleaseWin32D3D9|Any CPU.ActiveCfg = Release|Win32
		{A89FD30D-9C0D-49D2-8C97-58586205A7B3}.ReleaseWin32D3D9|Mixed Platforms.ActiveCfg = Release|Win32
		{A89FD30D-9C0D-49D2-8C97-58586205A7B3}.ReleaseWin32D3D9|Mixed Platforms.Build.0 = Release|Win32
		{A89FD30D-9C0D-49D2-8C97-58586205A7B3}.ReleaseWin32D3D9|Win32.ActiveCfg = Release|Win32
		{A89FD30D-9C0D-49D2-8C97-58586205A7B3}.ReleaseWin32D3D9|Win32.Build.0 = Release|Win32
		{FF168AA3-1B40-4025-A51D-4F405112F336}.Debug|Any CPU.ActiveCfg = Debug|Win32
		{FF168AA3-1B40-4025-A51D-4F405112F336}.Debug|Mixed Platforms.ActiveCfg = Debug|Win32
		{FF168AA3-1B40-4025-A51D-4F405112F336}.Debug|Mixed Platforms.Build.0 = Debug|Win32
		{FF168AA3-1B40-4025-A51D-4F405112F336}.Debug|Win32.ActiveCfg = Debug|Win32
		{FF168AA3-1B40-4025-A51D-4F405112F336}.Debug|Win32.Build.0 = Debug|Win32
		{FF168AA3-1B40-4025-A51D-4F405112F336}.DebugWin32D3D9|Any CPU.ActiveCfg = Debug|Win32
		{FF168AA3-1B40-4025-A51D-4F405112F336}.DebugWin32D3D9|Mixed Platforms.ActiveCfg = Debug|Win32
		{FF168AA3-1B40-4025-A51D-4F405112F336}.DebugWin32D3D9|Mixed Platforms.Build.0 = Debug|Win32
		{FF168AA3-1B40-4025-A51D-4F405112F336}.DebugWin32D3D9|Win32.ActiveCfg = Debug|Win32
		{FF168AA3-1B40-4025-A51D-4F405112F336}.DebugWin32D3D9|Win32.Build.0 = Debug|Win32
		{FF168AA3-1B40-4025-A51D-4F405112F336}.DebugWin32DX11|Any CPU.ActiveCfg = Debug|Win32
		{FF168AA3-1B40-4025-A51D-4F405112F336}.DebugWin32DX11|Mixed Platforms.ActiveCfg = Debug|Win32
		{FF168AA3-1B40-4025-A51D-4F405112F336}.DebugWin32DX11|Mixed Platforms.Build.0 = Debug|Win32
		{FF168AA3-1B40-4025-A51D-4F405112F336}.DebugWin32DX11|Win32.ActiveCfg = Debug|Win32
		{FF168AA3-1B40-4025-A51D-4F405112F336}.DebugWin32DX11|Win32.Build.0 = Debug|Win32
		{FF168AA3-1B40-4025-A51D-4F405112F336}.DebugWin32OpenGL|Any CPU.ActiveCfg = Debug|Win32
		{FF168AA3-1B40-4025-A51D-4F405112F336}.DebugWin32OpenGL|Mixed Platforms.ActiveCfg = Debug|Win32
		{FF168AA3-1B40-4025-A51D-4F405112F336}.DebugWin32OpenGL|Mixed Platforms.Build.0 = Debug|Win32
		{FF168AA3-1B40-4025-A51D-4F405112F336}.DebugWin32OpenGL|Win32.ActiveCfg = Debug|Win32
		{FF168AA3-1B40-4025-A51D-4F405112F336}.DebugWin32OpenGL|Win32.Build.0 = Debug|Win32
		{FF168AA3-1B40-4025-A51D-4F405112F336}.Release|Any CPU.ActiveCfg = Release|Win32
		{FF168AA3-1B40-4025-A51D-4F405112F336}.Release|Mixed Platforms.ActiveCfg = Release|Win32
		{FF168AA3-1B40-4025-A51D-4F405112F336}.Release|Mixed Platforms.Build.0 = Release|Win32
		{FF168AA3-1B40-4025-A51D-4F405112F336}.Release|Win32.ActiveCfg = Release|Win32
		{FF168AA3-1B40-4025-A51D-4F405112F336}.Release|Win32.Build.0 = Release|Win32
		{FF168AA3-1B40-4025-A51D-4F405112F336}.ReleaseWin32D3D9|Any CPU.ActiveCfg = Release|Win32
		{FF168AA3-1B40-4025-A51D-4F405112F336}.ReleaseWin32D3D9|Mixed Platforms.ActiveCfg = Release|Win32
		{FF168AA3-1B40-4025-A51D-4F405112F336}.ReleaseWin32D3D9|Mixed Platforms.Build.0 = Release|Win32
		{FF168AA3-1B40-4025-A51D-4F405112F336}.ReleaseWin32D3D9|Win32.ActiveCfg = Release|Win32
		{FF168AA3-1B40-4025-A51D-4F405112F336}.ReleaseWin32D3D9|Win32.Build.0 = Release|Win32
		{B6336438-778E-43FF-A4AC-3FE436BEB1A0}.Debug|Any CPU.ActiveCfg = Debug|Win32
		{B6336438-778E-43FF-A4AC-3FE436BEB1A0}.Debug|Mixed Platforms.ActiveCfg = Debug|Win32
		{B6336438-778E-43FF-A4AC-3FE436BEB1A0}.Debug|Mixed Platforms.Build.0 = Debug|Win32
		{B6336438-778E-43FF-A4AC-3FE436BEB1A0}.Debug|Win32.ActiveCfg = Debug|Win32
		{B6336438-778E-43FF-A4AC-3FE436BEB1A0}.Debug|Win32.Build.0 = Debug|Win32
		{B6336438-778E-43FF-A4AC-3FE436BEB1A0}.DebugWin32D3D9|Any CPU.ActiveCfg = Debug|Win32
		{B6336438-778E-43FF-A4AC-3FE436BEB1A0}.DebugWin32D3D9|Mixed Platforms.ActiveCfg = Debug|Win32
		{B6336438-778E-43FF-A4AC-3FE436BEB1A0}.DebugWin32D3D9|Mixed Platforms.Build.0 = Debug|Win32
		{B6336438-778E-43FF-A4AC-3FE436BEB1A0}.DebugWin32D3D9|Win32.ActiveCfg = Debug|Win32
		{B6336438-778E-43FF-A4AC-3FE436BEB1A0}.DebugWin32D3D9|Win32.Build.0 = Debug|Win32
		{B6336438-778E-43FF-A4AC-3FE436BEB1A0}.DebugWin32DX11|Any CPU.ActiveCfg = Debug|Win32
		{B6336438-778E-43FF-A4AC-3FE436BEB1A0}.DebugWin32DX11|Mixed Platforms.ActiveCfg = Debug|Win32
		{B6336438-778E-43FF-A4AC-3FE436BEB1A0}.DebugWin32DX11|Mixed Platforms.Build.0 = Debug|Win32
		{B6336438-778E-43FF-A4AC-3FE436BEB1A0}.DebugWin32DX11|Win32.ActiveCfg = Debug|Win32
		{B6336438-778E-43FF-A4AC-3FE436BEB1A0}.DebugWin32DX11|Win32.Build.0 = Debug|Win32
		{B6336438-778E-43FF-A4AC-3FE436BEB1A0}.DebugWin32OpenGL|Any CPU.ActiveCfg = Debug|Win32
		{B6336438-778E-43FF-A4AC-3FE436BEB1A0}.DebugWin32OpenGL|Mixed Platforms.ActiveCfg = Debug|Win32
		{B6336438-778E-43FF-A4AC-3FE436BEB1A0}.DebugWin32OpenGL|Mixed Platforms.Build.0 = Debug|Win32
		{B6336438-778E-43FF-A4AC-3FE436BEB1A0}.DebugWin32OpenGL|Win32.ActiveCfg = Debug|Win32
		{B6336438-778E-43FF-A4AC-3FE436BEB1A0}.DebugWin32OpenGL|Win32.Build.0 = Debug|Win32
		{B6336438-778E-43FF-A4AC-3FE436BEB1A0}.Release|Any CPU.ActiveCfg = Release|Win32
		{B6336438-778E-43FF-A4AC-3FE436BEB1A0}.Release|Mixed Platforms.ActiveCfg = Release|Win32
		{B6336438-778E-43FF-A4AC-3FE436BEB1A0}.Release|Mixed Platforms.Build.0 = Release|Win32
		{B6336438-778E-43FF-A4AC-3FE436BEB1A0}.Release|Win32.ActiveCfg = Release|Win32
		{B6336438-778E-43FF-A4AC-3FE436BEB1A0}.Release|Win32.Build.0 = Release|Win32
		{B6336438-778E-43FF-A4AC-3FE436BEB1A0}.ReleaseWin32D3D9|Any CPU.ActiveCfg = Release|Win32
		{B6336438-778E-43FF-A4AC-3FE436BEB1A0}.ReleaseWin32D3D9|Mixed Platforms.ActiveCfg = Release|Win32
		{B6336438-778E-43FF-A4AC-3FE436BEB1A0}.ReleaseWin32D3D9|Mixed Platforms.Build.0 = Release|Win32
		{B6336438-778E-43FF-A4AC-3FE436BEB1A0}.ReleaseWin32D3D9|Win32.ActiveCfg = Release|Win32
		{B6336438-778E-43FF-A4AC-3FE436BEB1A0}.ReleaseWin32D3D9|Win32.Build.0 = Release|Win32
		{5D558997-D21E-42BF-BCDA-6D076532FBB6}.Debug|Any CPU.ActiveCfg = Debug|Win32
		{5D558997-D21E-42BF-BCDA-6D076532FBB6}.Debug|Mixed Platforms.ActiveCfg = Debug|Win32
		{5D558997-D21E-42BF-BCDA-6D076532FBB6}.Debug|Mixed Platforms.Build.0 = Debug|Win32
		{5D558997-D21E-42BF-BCDA-6D076532FBB6}.Debug|Win32.ActiveCfg = Debug|Win32
		{5D558997-D21E-42BF-BCDA-6D076532FBB6}.Debug|Win32.Build.0 = Debug|Win32
		{5D558997-D21E-42BF-BCDA-6D076532FBB6}.DebugWin32D3D9|Any CPU.ActiveCfg = Debug|Win32
		{5D558997-D21E-42BF-BCDA-6D076532FBB6}.DebugWin32D3D9|Mixed Platforms.ActiveCfg = Debug|Win32
		{5D558997-D21E-42BF-BCDA-6D076532FBB6}.DebugWin32D3D9|Mixed Platforms.Build.0 = Debug|Win32
		{5D558997-D21E-42BF-BCDA-6D076532FBB6}.DebugWin32D3D9|Win32.ActiveCfg = Debug|Win32
		{5D558997-D21E-42BF-BCDA-6D076532FBB6}.DebugWin32D3D9|Win32.Build.0 = Debug|Win32
		{5D558997-D21E-42BF-BCDA-6D076532FBB6}.DebugWin32DX11|Any CPU.ActiveCfg = Debug|Win32
		{5D558997-D21E-42BF-BCDA-6D076532FBB6}.DebugWin32DX11|Mixed Platforms.ActiveCfg = Debug|Win32
		{5D558997-D21E-42BF-BCDA-6D076532FBB6}.DebugWin32DX11|Mixed Platforms.Build.0 = Debug|Win32
		{5D558997-D21E-42BF-BCDA-6D076532FBB6}.DebugWin32DX11|Win32.ActiveCfg = Debug|Win32
		{5D558997-D21E-42BF-BCDA-6D076532FBB6}.DebugWin32DX11|Win32.Build.0 = Debug|Win32
		{5D558997-D21E-42BF-BCDA-6D076532FBB6}.DebugWin32OpenGL|Any CPU.ActiveCfg = Debug|Win32
		{5D558997-D21E-42BF-BCDA-6D076532FBB6}.DebugWin32OpenGL|Mixed Platforms.ActiveCfg = Debug|Win32
		{5D558997-D21E-42BF-BCDA-6D076532FBB6}.DebugWin32OpenGL|Mixed Platforms.Build.0 = Debug|Win32
		{5D558997-D21E-42BF-BCDA-6D076532FBB6}.DebugWin32OpenGL|Win32.ActiveCfg = Debug|Win32
		{5D558997-D21E-42BF-BCDA-6D076532FBB6}.DebugWin32OpenGL|Win32.Build.0 = Debug|Win32
		{5D558997-D21E-42BF-BCDA-6D076532FBB6}.Release|Any CPU.ActiveCfg = Release|Win32
		{5D558997-D21E-42BF-BCDA-6D076532FBB6}.Release|Mixed Platforms.ActiveCfg = Release|Win32
		{5D558997-D21E-42BF-BCDA-6D076532FBB6}.Release|Mixed Platforms.Build.0 = Release|Win32
		{5D558997-D21E-42BF-BCDA-6D076532FBB6}.Release|Win32.ActiveCfg = Release|Win32
		{5D558997-D21E-42BF-BCDA-6D076532FBB6}.Release|Win32.Build.0 = Release|Win32
		{5D558997-D21E-42BF-BCDA-6D076532FBB6}.ReleaseWin32D3D9|Any CPU.ActiveCfg = Release|Win32
		{5D558997-D21E-42BF-BCDA-6D076532FBB6}.ReleaseWin32D3D9|Mixed Platforms.ActiveCfg = Release|Win32
		{5D558997-D21E-42BF-BCDA-6D076532FBB6}.ReleaseWin32D3D9|Mixed Platforms.Build.0 = Release|Win32
		{5D558997-D21E-42BF-BCDA-6D076532FBB6}.ReleaseWin32D3D9|Win32.ActiveCfg = Release|Win32
		{5D558997-D21E-42BF-BCDA-6D076532FBB6}.ReleaseWin32D3D9|Win32.Build.0 = Release|Win32
		{3D72FC73-6645-4806-8B7B-4B3C409AC1BA}.Debug|Any CPU.ActiveCfg = Debug|Win32
		{3D72FC73-6645-4806-8B7B-4B3C409AC1BA}.Debug|Mixed Platforms.ActiveCfg = Debug|Win32
		{3D72FC73-6645-4806-8B7B-4B3C409AC1BA}.Debug|Mixed Platforms.Build.0 = Debug|Win32
		{3D72FC73-6645-4806-8B7B-4B3C409AC1BA}.Debug|Win32.ActiveCfg = Debug|Win32
		{3D72FC73-6645-4806-8B7B-4B3C409AC1BA}.Debug|Win32.Build.0 = Debug|Win32
		{3D72FC73-6645-4806-8B7B-4B3C409AC1BA}.DebugWin32D3D9|Any CPU.ActiveCfg = Debug|Win32
		{3D72FC73-6645-4806-8B7B-4B3C409AC1BA}.DebugWin32D3D9|Mixed Platforms.ActiveCfg = Debug|Win32
		{3D72FC73-6645-4806-8B7B-4B3C409AC1BA}.DebugWin32D3D9|Mixed Platforms.Build.0 = Debug|Win32
		{3D72FC73-6645-4806-8B7B-4B3C409AC1BA}.DebugWin32D3D9|Win32.ActiveCfg = Debug|Win32
		{3D72FC73-6645-4806-8B7B-4B3C409AC1BA}.DebugWin32D3D9|Win32.Build.0 = Debug|Win32
		{3D72FC73-6645-4806-8B7B-4B3C409AC1BA}.DebugWin32DX11|Any CPU.ActiveCfg = Debug|Win32
		{3D72FC73-6645-4806-8B7B-4B3C409AC1BA}.DebugWin32DX11|Mixed Platforms.ActiveCfg = Debug|Win32
		{3D72FC73-6645-4806-8B7B-4B3C409AC1BA}.DebugWin32DX11|Mixed Platforms.Build.0 = Debug|Win32
		{3D72FC73-6645-4806-8B7B-4B3C409AC1BA}.DebugWin32DX11|Win32.ActiveCfg = Debug|Win32
		{3D72FC73-6645-4806-8B7B-4B3C409AC1BA}.DebugWin32DX11|Win32.Build.0 = Debug|Win32
		{3D72FC73-6645-4806-8B7B-4B3C409AC1BA}.DebugWin32OpenGL|Any CPU.ActiveCfg = Debug|Win32
		{3D72FC73-6645-4806-8B7B-4B3C409AC1BA}.DebugWin32OpenGL|Mixed Platforms.ActiveCfg = Debug|Win32
		{3D72FC73-6645-4806-8B7B-4B3C409AC1BA}.DebugWin32OpenGL|Mixed Platforms.Build.0 = Debug|Win32
		{3D72FC73-6645-4806-8B7B-4B3C409AC1BA}.DebugWin32OpenGL|Win32.ActiveCfg = Debug|Win32
		{3D72FC73-6645-4806-8B7B-4B3C409AC1BA}.DebugWin32OpenGL|Win32.Build.0 = Debug|Win32
		{3D72FC73-6645-4806-8B7B-4B3C409AC1BA}.Release|Any CPU.ActiveCfg = Release|Win32
		{3D72FC73-6645-4806-8B7B-4B3C409AC1BA}.Release|Mixed Platforms.ActiveCfg = Release|Win32
		{3D72FC73-6645-4806-8B7B-4B3C409AC1BA}.Release|Mixed Platforms.Build.0 = Release|Win32
		{3D72FC73-6645-4806-8B7B-4B3C409AC1BA}.Release|Win32.ActiveCfg = Release|Win32
		{3D72FC73-6645-4806-8B7B-4B3C409AC1BA}.Release|Win32.Build.0 = Release|Win32
		{3D72FC73-6645-4806-8B7B-4B3C409AC1BA}.ReleaseWin32D3D9|Any CPU.ActiveCfg = Release|Win32
		{3D72FC73-6645-4806-8B7B-4B3C409AC1BA}.ReleaseWin32D3D9|Mixed Platforms.ActiveCfg = Release|Win32
		{3D72FC73-6645-4806-8B7B-4B3C409AC1BA}.ReleaseWin32D3D9|Mixed Platforms.Build.0 = Release|Win32
		{3D72FC73-6645-4806-8B7B-4B3C409AC1BA}.ReleaseWin32D3D9|Win32.ActiveCfg = Release|Win32
		{3D72FC73-6645-4806-8B7B-4B3C409AC1BA}.ReleaseWin32D3D9|Win32.Build.0 = Release|Win32
		{D876BCC5-994D-4E2F-86E2-00D9DE7C73C2}.Debug|Any CPU.ActiveCfg = Debug|Win32
		{D876BCC5-994D-4E2F-86E2-00D9DE7C73C2}.Debug|Mixed Platforms.ActiveCfg = Debug|Win32
		{D876BCC5-994D-4E2F-86E2-00D9DE7C73C2}.Debug|Mixed Platforms.Build.0 = Debug|Win32
		{D876BCC5-994D-4E2F-86E2-00D9DE7C73C2}.Debug|Win32.ActiveCfg = Debug|Win32
		{D876BCC5-994D-4E2F-86E2-00D9DE7C73C2}.Debug|Win32.Build.0 = Debug|Win32
		{D876BCC5-994D-4E2F-86E2-00D9DE7C73C2}.DebugWin32D3D9|Any CPU.ActiveCfg = Debug|Win32
		{D876BCC5-994D-4E2F-86E2-00D9DE7C73C2}.DebugWin32D3D9|Mixed Platforms.ActiveCfg = Debug|Win32
		{D876BCC5-994D-4E2F-86E2-00D9DE7C73C2}.DebugWin32D3D9|Mixed Platforms.Build.0 = Debug|Win32
		{D876BCC5-994D-4E2F-86E2-00D9DE7C73C2}.DebugWin32D3D9|Win32.ActiveCfg = Debug|Win32
		{D876BCC5-994D-4E2F-86E2-00D9DE7C73C2}.DebugWin32D3D9|Win32.Build.0 = Debug|Win32
		{D876BCC5-994D-4E2F-86E2-00D9DE7C73C2}.DebugWin32DX11|Any CPU.ActiveCfg = Debug|Win32
		{D876BCC5-994D-4E2F-86E2-00D9DE7C73C2}.DebugWin32DX11|Mixed Platforms.ActiveCfg = Debug|Win32
		{D876BCC5-994D-4E2F-86E2-00D9DE7C73C2}.DebugWin32DX11|Mixed Platforms.Build.0 = Debug|Win32
		{D876BCC5-994D-4E2F-86E2-00D9DE7C73C2}.DebugWin32DX11|Win32.ActiveCfg = Debug|Win32
		{D876BCC5-994D-4E2F-86E2-00D9DE7C73C2}.DebugWin32OpenGL|Any CPU.ActiveCfg = Debug|Win32
		{D876BCC5-994D-4E2F-86E2-00D9DE7C73C2}.DebugWin32OpenGL|Mixed Platforms.ActiveCfg = Debug|Win32
		{D876BCC5-994D-4E2F-86E2-00D9DE7C73C2}.DebugWin32OpenGL|Mixed Platforms.Build.0 = Debug|Win32
		{D876BCC5-994D-4E2F-86E2-00D9DE7C73C2}.DebugWin32OpenGL|Win32.ActiveCfg = Debug|Win32
		{D876BCC5-994D-4E2F-86E2-00D9DE7C73C2}.Release|Any CPU.ActiveCfg = Release|Win32
		{D876BCC5-994D-4E2F-86E2-00D9DE7C73C2}.Release|Mixed Platforms.ActiveCfg = Release|Win32
		{D876BCC5-994D-4E2F-86E2-00D9DE7C73C2}.Release|Mixed Platforms.Build.0 = Release|Win32
		{D876BCC5-994D-4E2F-86E2-00D9DE7C73C2}.Release|Win32.ActiveCfg = Release|Win32
		{D876BCC5-994D-4E2F-86E2-00D9DE7C73C2}.Release|Win32.Build.0 = Release|Win32
		{D876BCC5-994D-4E2F-86E2-00D9DE7C73C2}.ReleaseWin32D3D9|Any CPU.ActiveCfg = Release|Win32
		{D876BCC5-994D-4E2F-86E2-00D9DE7C73C2}.ReleaseWin32D3D9|Mixed Platforms.ActiveCfg = Release|Win32
		{D876BCC5-994D-4E2F-86E2-00D9DE7C73C2}.ReleaseWin32D3D9|Mixed Platforms.Build.0 = Release|Win32
		{D876BCC5-994D-4E2F-86E2-00D9DE7C73C2}.ReleaseWin32D3D9|Win32.ActiveCfg = Release|Win32
		{D876BCC5-994D-4E2F-86E2-00D9DE7C73C2}.ReleaseWin32D3D9|Win32.Build.0 = Release|Win32
		{6DEED149-CB51-4363-81C4-757308AAAE53}.Debug|Any CPU.ActiveCfg = Debug|Win32
		{6DEED149-CB51-4363-81C4-757308AAAE53}.Debug|Mixed Platforms.ActiveCfg = Debug|Win32
		{6DEED149-CB51-4363-81C4-757308AAAE53}.Debug|Mixed Platforms.Build.0 = Debug|Win32
		{6DEED149-CB51-4363-81C4-757308AAAE53}.Debug|Win32.ActiveCfg = Debug|Win32
		{6DEED149-CB51-4363-81C4-757308AAAE53}.Debug|Win32.Build.0 = Debug|Win32
		{6DEED149-CB51-4363-81C4-757308AAAE53}.DebugWin32D3D9|Any CPU.ActiveCfg = Debug|Win32
		{6DEED149-CB51-4363-81C4-757308AAAE53}.DebugWin32D3D9|Mixed Platforms.ActiveCfg = Debug|Win32
		{6DEED149-CB51-4363-81C4-757308AAAE53}.DebugWin32D3D9|Mixed Platforms.Build.0 = Debug|Win32
		{6DEED149-CB51-4363-81C4-757308AAAE53}.DebugWin32D3D9|Win32.ActiveCfg = Debug|Win32
		{6DEED149-CB51-4363-81C4-757308AAAE53}.DebugWin32DX11|Any CPU.ActiveCfg = Debug|Win32
		{6DEED149-CB51-4363-81C4-757308AAAE53}.DebugWin32DX11|Mixed Platforms.ActiveCfg = Debug|Win32
		{6DEED149-CB51-4363-81C4-757308AAAE53}.DebugWin32DX11|Mixed Platforms.Build.0 = Debug|Win32
		{6DEED149-CB51-4363-81C4-757308AAAE53}.DebugWin32DX11|Win32.ActiveCfg = Debug|Win32
		{6DEED149-CB51-4363-81C4-757308AAAE53}.DebugWin32OpenGL|Any CPU.ActiveCfg = Debug|Win32
		{6DEED149-CB51-4363-81C4-757308AAAE53}.DebugWin32OpenGL|Mixed Platforms.ActiveCfg = Debug|Win32
		{6DEED149-CB51-4363-81C4-757308AAAE53}.DebugWin32OpenGL|Mixed Platforms.Build.0 = Debug|Win32
		{6DEED149-CB51-4363-81C4-757308AAAE53}.DebugWin32OpenGL|Win32.ActiveCfg = Debug|Win32
		{6DEED149-CB51-4363-81C4-757308AAAE53}.DebugWin32OpenGL|Win32.Build.0 = Debug|Win32
		{6DEED149-CB51-4363-81C4-757308AAAE53}.Release|Any CPU.ActiveCfg = Release|Win32
		{6DEED149-CB51-4363-81C4-757308AAAE53}.Release|Mixed Platforms.ActiveCfg = Release|Win32
		{6DEED149-CB51-4363-81C4-757308AAAE53}.Release|Mixed Platforms.Build.0 = Release|Win32
		{6DEED149-CB51-4363-81C4-757308AAAE53}.Release|Win32.ActiveCfg = Release|Win32
		{6DEED149-CB51-4363-81C4-757308AAAE53}.Release|Win32.Build.0 = Release|Win32
		{6DEED149-CB51-4363-81C4-757308AAAE53}.ReleaseWin32D3D9|Any CPU.ActiveCfg = Release|Win32
		{6DEED149-CB51-4363-81C4-757308AAAE53}.ReleaseWin32D3D9|Mixed Platforms.ActiveCfg = Release|Win32
		{6DEED149-CB51-4363-81C4-757308AAAE53}.ReleaseWin32D3D9|Mixed Platforms.Build.0 = Release|Win32
		{6DEED149-CB51-4363-81C4-757308AAAE53}.ReleaseWin32D3D9|Win32.ActiveCfg = Release|Win32
		{F31D47E7-4C01-4B67-8EB8-4252E911878C}.Debug|Any CPU.ActiveCfg = Debug|Win32
		{F31D47E7-4C01-4B67-8EB8-4252E911878C}.Debug|Mixed Platforms.ActiveCfg = Debug|Win32
		{F31D47E7-4C01-4B67-8EB8-4252E911878C}.Debug|Mixed Platforms.Build.0 = Debug|Win32
		{F31D47E7-4C01-4B67-8EB8-4252E911878C}.Debug|Win32.ActiveCfg = Debug|Win32
		{F31D47E7-4C01-4B67-8EB8-4252E911878C}.Debug|Win32.Build.0 = Debug|Win32
		{F31D47E7-4C01-4B67-8EB8-4252E911878C}.DebugWin32D3D9|Any CPU.ActiveCfg = Debug|Win32
		{F31D47E7-4C01-4B67-8EB8-4252E911878C}.DebugWin32D3D9|Mixed Platforms.ActiveCfg = Debug|Win32
		{F31D47E7-4C01-4B67-8EB8-4252E911878C}.DebugWin32D3D9|Mixed Platforms.Build.0 = Debug|Win32
		{F31D47E7-4C01-4B67-8EB8-4252E911878C}.DebugWin32D3D9|Win32.ActiveCfg = Debug|Win32
		{F31D47E7-4C01-4B67-8EB8-4252E911878C}.DebugWin32D3D9|Win32.Build.0 = Debug|Win32
		{F31D47E7-4C01-4B67-8EB8-4252E911878C}.DebugWin32DX11|Any CPU.ActiveCfg = Debug|Win32
		{F31D47E7-4C01-4B67-8EB8-4252E911878C}.DebugWin32DX11|Mixed Platforms.ActiveCfg = Debug|Win32
		{F31D47E7-4C01-4B67-8EB8-4252E911878C}.DebugWin32DX11|Mixed Platforms.Build.0 = Debug|Win32
		{F31D47E7-4C01-4B67-8EB8-4252E911878C}.DebugWin32DX11|Win32.ActiveCfg = Debug|Win32
		{F31D47E7-4C01-4B67-8EB8-4252E911878C}.DebugWin32DX11|Win32.Build.0 = Debug|Win32
		{F31D47E7-4C01-4B67-8EB8-4252E911878C}.DebugWin32OpenGL|Any CPU.ActiveCfg = Debug|Win32
		{F31D47E7-4C01-4B67-8EB8-4252E911878C}.DebugWin32OpenGL|Mixed Platforms.ActiveCfg = Debug|Win32
		{F31D47E7-4C01-4B67-8EB8-4252E911878C}.DebugWin32OpenGL|Mixed Platforms.Build.0 = Debug|Win32
		{F31D47E7-4C01-4B67-8EB8-4252E911878C}.DebugWin32OpenGL|Win32.ActiveCfg = Debug|Win32
		{F31D47E7-4C01-4B67-8EB8-4252E911878C}.DebugWin32OpenGL|Win32.Build.0 = Debug|Win32
		{F31D47E7-4C01-4B67-8EB8-4252E911878C}.Release|Any CPU.ActiveCfg = Release|Win32
		{F31D47E7-4C01-4B67-8EB8-4252E911878C}.Release|Mixed Platforms.ActiveCfg = Release|Win32
		{F31D47E7-4C01-4B67-8EB8-4252E911878C}.Release|Mixed Platforms.Build.0 = Release|Win32
		{F31D47E7-4C01-4B67-8EB8-4252E911878C}.Release|Win32.ActiveCfg = Release|Win32
		{F31D47E7-4C01-4B67-8EB8-4252E911878C}.Release|Win32.Build.0 = Release|Win32
		{F31D47E7-4C01-4B67-8EB8-4252E911878C}.ReleaseWin32D3D9|Any CPU.ActiveCfg = Release|Win32
		{F31D47E7-4C01-4B67-8EB8-4252E911878C}.ReleaseWin32D3D9|Mixed Platforms.ActiveCfg = Release|Win32
		{F31D47E7-4C01-4B67-8EB8-4252E911878C}.ReleaseWin32D3D9|Mixed Platforms.Build.0 = Release|Win32
		{F31D47E7-4C01-4B67-8EB8-4252E911878C}.ReleaseWin32D3D9|Win32.ActiveCfg = Release|Win32
		{F31D47E7-4C01-4B67-8EB8-4252E911878C}.ReleaseWin32D3D9|Win32.Build.0 = Release|Win32
		{3BD711CA-891A-4D65-A462-B2114402465F}.Debug|Any CPU.ActiveCfg = Debug|Win32
		{3BD711CA-891A-4D65-A462-B2114402465F}.Debug|Mixed Platforms.ActiveCfg = Debug|Win32
		{3BD711CA-891A-4D65-A462-B2114402465F}.Debug|Mixed Platforms.Build.0 = Debug|Win32
		{3BD711CA-891A-4D65-A462-B2114402465F}.Debug|Win32.ActiveCfg = Debug|Win32
		{3BD711CA-891A-4D65-A462-B2114402465F}.Debug|Win32.Build.0 = Debug|Win32
		{3BD711CA-891A-4D65-A462-B2114402465F}.DebugWin32D3D9|Any CPU.ActiveCfg = Debug|Win32
		{3BD711CA-891A-4D65-A462-B2114402465F}.DebugWin32D3D9|Mixed Platforms.ActiveCfg = Debug|Win32
		{3BD711CA-891A-4D65-A462-B2114402465F}.DebugWin32D3D9|Mixed Platforms.Build.0 = Debug|Win32
		{3BD711CA-891A-4D65-A462-B2114402465F}.DebugWin32D3D9|Win32.ActiveCfg = Debug|Win32
		{3BD711CA-891A-4D65-A462-B2114402465F}.DebugWin32D3D9|Win32.Build.0 = Debug|Win32
		{3BD711CA-891A-4D65-A462-B2114402465F}.DebugWin32DX11|Any CPU.ActiveCfg = Debug|Win32
		{3BD711CA-891A-4D65-A462-B2114402465F}.DebugWin32DX11|Mixed Platforms.ActiveCfg = Debug|Win32
		{3BD711CA-891A-4D65-A462-B2114402465F}.DebugWin32DX11|Mixed Platforms.Build.0 = Debug|Win32
		{3BD711CA-891A-4D65-A462-B2114402465F}.DebugWin32DX11|Win32.ActiveCfg = Debug|Win32
		{3BD711CA-891A-4D65-A462-B2114402465F}.DebugWin32DX11|Win32.Build.0 = Debug|Win32
		{3BD711CA-891A-4D65-A462-B2114402465F}.DebugWin32OpenGL|Any CPU.ActiveCfg = Debug|Win32
		{3BD711CA-891A-4D65-A462-B2114402465F}.DebugWin32OpenGL|Mixed Platforms.ActiveCfg = Debug|Win32
		{3BD711CA-891A-4D65-A462-B2114402465F}.DebugWin32OpenGL|Mixed Platforms.Build.0 = Debug|Win32
		{3BD711CA-891A-4D65-A462-B2114402465F}.DebugWin32OpenGL|Win32.ActiveCfg = Debug|Win32
		{3BD711CA-891A-4D65-A462-B2114402465F}.DebugWin32OpenGL|Win32.Build.0 = Debug|Win32
		{3BD711CA-891A-4D65-A462-B2114402465F}.Release|Any CPU.ActiveCfg = Release|Win32
		{3BD711CA-891A-4D65-A462-B2114402465F}.Release|Mixed Platforms.ActiveCfg = Release|Win32
		{3BD711CA-891A-4D65-A462-B2114402465F}.Release|Mixed Platforms.Build.0 = Release|Win32
		{3BD711CA-891A-4D65-A462-B2114402465F}.Release|Win32.ActiveCfg = Release|Win32
		{3BD711CA-891A-4D65-A462-B2114402465F}.Release|Win32.Build.0 = Release|Win32
		{3BD711CA-891A-4D65-A462-B2114402465F}.ReleaseWin32D3D9|Any CPU.ActiveCfg = Release|Win32
		{3BD711CA-891A-4D65-A462-B2114402465F}.ReleaseWin32D3D9|Mixed Platforms.ActiveCfg = Release|Win32
		{3BD711CA-891A-4D65-A462-B2114402465F}.ReleaseWin32D3D9|Mixed Platforms.Build.0 = Release|Win32
		{3BD711CA-891A-4D65-A462-B2114402465F}.ReleaseWin32D3D9|Win32.ActiveCfg = Release|Win32
		{3BD711CA-891A-4D65-A462-B2114402465F}.ReleaseWin32D3D9|Win32.Build.0 = Release|Win32
	EndGlobalSection
	GlobalSection(SolutionProperties) = preSolution
		HideSolutionNode = FALSE
	EndGlobalSection
	GlobalSection(NestedProjects) = preSolution
		{CD662F30-81AF-455D-BAFE-F2AB792946DF} = {CEF95F9D-5C16-4216-A9E1-0540454B1C3E}
		{91FAD237-335F-455A-ACBD-0220BDDEEF59} = {CEF95F9D-5C16-4216-A9E1-0540454B1C3E}
		{A89FD30D-9C0D-49D2-8C97-58586205A7B3} = {CEF95F9D-5C16-4216-A9E1-0540454B1C3E}
		{FF168AA3-1B40-4025-A51D-4F405112F336} = {CEF95F9D-5C16-4216-A9E1-0540454B1C3E}
		{B6336438-778E-43FF-A4AC-3FE436BEB1A0} = {CEF95F9D-5C16-4216-A9E1-0540454B1C3E}
		{5D558997-D21E-42BF-BCDA-6D076532FBB6} = {CEF95F9D-5C16-4216-A9E1-0540454B1C3E}
		{F687E727-96DE-4BE6-A7CC-71C6E5ABBE52} = {CEF95F9D-5C16-4216-A9E1-0540454B1C3E}
		{F31D47E7-4C01-4B67-8EB8-4252E911878C} = {CEF95F9D-5C16-4216-A9E1-0540454B1C3E}
		{82B52637-BC0F-4440-994B-A92FBA89A80A} = {F687E727-96DE-4BE6-A7CC-71C6E5ABBE52}
		{3D72FC73-6645-4806-8B7B-4B3C409AC1BA} = {82B52637-BC0F-4440-994B-A92FBA89A80A}
		{783AF7F5-C0AF-484A-99F5-E1AC5A6CE586} = {82B52637-BC0F-4440-994B-A92FBA89A80A}
		{D876BCC5-994D-4E2F-86E2-00D9DE7C73C2} = {783AF7F5-C0AF-484A-99F5-E1AC5A6CE586}
		{6DEED149-CB51-4363-81C4-757308AAAE53} = {783AF7F5-C0AF-484A-99F5-E1AC5A6CE586}
		{3BD711CA-891A-4D65-A462-B2114402465F} = {783AF7F5-C0AF-484A-99F5-E1AC5A6CE586}
	EndGlobalSection
	GlobalSection(ExtensibilityGlobals) = postSolution
		AMDCaProjectFile = C:\Dev\Heart.v2\Heart\CodeAnalyst\Heart.caw
	EndGlobalSection
EndGlobal
