
Microsoft Visual Studio Solution File, Format Version 10.00
# Visual Studio 2008
Project("{8BC9CEB8-8B4A-11D0-8D11-00A0C91BC942}") = "Heart", "Heart.vcproj", "{91FAD237-335F-455A-ACBD-0220BDDEEF59}"
	ProjectSection(ProjectDependencies) = postProject
		{3A214E06-B95E-4D61-A291-1F8DF2EC10FD} = {3A214E06-B95E-4D61-A291-1F8DF2EC10FD}
		{CD662F30-81AF-455D-BAFE-F2AB792946DF} = {CD662F30-81AF-455D-BAFE-F2AB792946DF}
		{B6336438-778E-43FF-A4AC-3FE436BEB1A0} = {B6336438-778E-43FF-A4AC-3FE436BEB1A0}
		{3D72FC73-6645-4806-8B7B-4B3C409AC1BA} = {3D72FC73-6645-4806-8B7B-4B3C409AC1BA}
		{CEBDE98B-A6AA-46E6-BC79-FAAF823DB9EC} = {CEBDE98B-A6AA-46E6-BC79-FAAF823DB9EC}
		{FF168AA3-1B40-4025-A51D-4F405112F336} = {FF168AA3-1B40-4025-A51D-4F405112F336}
		{3BD711CA-891A-4D65-A462-B2114402465F} = {3BD711CA-891A-4D65-A462-B2114402465F}
		{F31D47E7-4C01-4B67-8EB8-4252E911878C} = {F31D47E7-4C01-4B67-8EB8-4252E911878C}
		{15CBFEFF-7965-41F5-B4E2-21E8795C9159} = {15CBFEFF-7965-41F5-B4E2-21E8795C9159}
	EndProjectSection
EndProject
Project("{8BC9CEB8-8B4A-11D0-8D11-00A0C91BC942}") = "zlib", "..\zlib\zlib.vcproj", "{CD662F30-81AF-455D-BAFE-F2AB792946DF}"
EndProject
Project("{8BC9CEB8-8B4A-11D0-8D11-00A0C91BC942}") = "TestBed", "..\TestBed\TestBed.vcproj", "{F38FE900-110C-42A1-A9FC-94F1225D94C9}"
	ProjectSection(ProjectDependencies) = postProject
		{91FAD237-335F-455A-ACBD-0220BDDEEF59} = {91FAD237-335F-455A-ACBD-0220BDDEEF59}
	EndProjectSection
EndProject
Project("{2150E333-8FDC-42A3-9474-1A3956D46DE8}") = "Engine", "Engine", "{CEF95F9D-5C16-4216-A9E1-0540454B1C3E}"
EndProject
Project("{8BC9CEB8-8B4A-11D0-8D11-00A0C91BC942}") = "minizip", "..\minizip\minizip.vcproj", "{FF168AA3-1B40-4025-A51D-4F405112F336}"
EndProject
Project("{8BC9CEB8-8B4A-11D0-8D11-00A0C91BC942}") = "lua", "..\lua\lua.vcproj", "{B6336438-778E-43FF-A4AC-3FE436BEB1A0}"
EndProject
Project("{8BC9CEB8-8B4A-11D0-8D11-00A0C91BC942}") = "DeviceWin32", "..\DeviceWin32\DeviceWin32.vcproj", "{3D72FC73-6645-4806-8B7B-4B3C409AC1BA}"
EndProject
Project("{2150E333-8FDC-42A3-9474-1A3956D46DE8}") = "Win32", "Win32", "{82B52637-BC0F-4440-994B-A92FBA89A80A}"
EndProject
Project("{2150E333-8FDC-42A3-9474-1A3956D46DE8}") = "Device", "Device", "{F687E727-96DE-4BE6-A7CC-71C6E5ABBE52}"
EndProject
Project("{2150E333-8FDC-42A3-9474-1A3956D46DE8}") = "Render", "Render", "{783AF7F5-C0AF-484A-99F5-E1AC5A6CE586}"
EndProject
Project("{8BC9CEB8-8B4A-11D0-8D11-00A0C91BC942}") = "crypto", "..\crypto\crypto.vcproj", "{F31D47E7-4C01-4B67-8EB8-4252E911878C}"
EndProject
Project("{8BC9CEB8-8B4A-11D0-8D11-00A0C91BC942}") = "DeviceWin32DX11", "..\DeviceWin32DX11\DeviceWin32DX11.vcproj", "{3BD711CA-891A-4D65-A462-B2114402465F}"
EndProject
Project("{8BC9CEB8-8B4A-11D0-8D11-00A0C91BC942}") = "libogg_static", "..\libogg\win32\VS2008\libogg_static.vcproj", "{15CBFEFF-7965-41F5-B4E2-21E8795C9159}"
	ProjectSection(ProjectDependencies) = postProject
		{3A214E06-B95E-4D61-A291-1F8DF2EC10FD} = {3A214E06-B95E-4D61-A291-1F8DF2EC10FD}
	EndProjectSection
EndProject
Project("{8BC9CEB8-8B4A-11D0-8D11-00A0C91BC942}") = "libvorbis_static", "..\libvorbis\win32\VS2008\libvorbis\libvorbis_static.vcproj", "{3A214E06-B95E-4D61-A291-1F8DF2EC10FD}"
EndProject
Project("{8BC9CEB8-8B4A-11D0-8D11-00A0C91BC942}") = "libvorbisfile", "..\libvorbis\win32\VS2008\libvorbisfile\libvorbisfile_static.vcproj", "{CEBDE98B-A6AA-46E6-BC79-FAAF823DB9EC}"
EndProject
Global
	GlobalSection(SolutionConfigurationPlatforms) = preSolution
		DebugWin32DX11|Win32 = DebugWin32DX11|Win32
		DebugWin32DX11|Windows Mobile 5.0 Pocket PC SDK (ARMV4I) = DebugWin32DX11|Windows Mobile 5.0 Pocket PC SDK (ARMV4I)
		DebugWin32DX11|Windows Mobile 5.0 Smartphone SDK (ARMV4I) = DebugWin32DX11|Windows Mobile 5.0 Smartphone SDK (ARMV4I)
		DebugWin32DX11|x64 = DebugWin32DX11|x64
		ReleaseWin32D3D9|Win32 = ReleaseWin32D3D9|Win32
		ReleaseWin32D3D9|Windows Mobile 5.0 Pocket PC SDK (ARMV4I) = ReleaseWin32D3D9|Windows Mobile 5.0 Pocket PC SDK (ARMV4I)
		ReleaseWin32D3D9|Windows Mobile 5.0 Smartphone SDK (ARMV4I) = ReleaseWin32D3D9|Windows Mobile 5.0 Smartphone SDK (ARMV4I)
		ReleaseWin32D3D9|x64 = ReleaseWin32D3D9|x64
	EndGlobalSection
	GlobalSection(ProjectConfigurationPlatforms) = postSolution
		{91FAD237-335F-455A-ACBD-0220BDDEEF59}.DebugWin32DX11|Win32.ActiveCfg = DebugWin32DX11|Win32
		{91FAD237-335F-455A-ACBD-0220BDDEEF59}.DebugWin32DX11|Win32.Build.0 = DebugWin32DX11|Win32
		{91FAD237-335F-455A-ACBD-0220BDDEEF59}.DebugWin32DX11|Windows Mobile 5.0 Pocket PC SDK (ARMV4I).ActiveCfg = DebugWin32DX11|Win32
		{91FAD237-335F-455A-ACBD-0220BDDEEF59}.DebugWin32DX11|Windows Mobile 5.0 Smartphone SDK (ARMV4I).ActiveCfg = DebugWin32DX11|Win32
		{91FAD237-335F-455A-ACBD-0220BDDEEF59}.DebugWin32DX11|x64.ActiveCfg = DebugWin32DX11|Win32
		{91FAD237-335F-455A-ACBD-0220BDDEEF59}.ReleaseWin32D3D9|Win32.ActiveCfg = ReleaseWin32DX11|Win32
		{91FAD237-335F-455A-ACBD-0220BDDEEF59}.ReleaseWin32D3D9|Win32.Build.0 = ReleaseWin32DX11|Win32
		{91FAD237-335F-455A-ACBD-0220BDDEEF59}.ReleaseWin32D3D9|Windows Mobile 5.0 Pocket PC SDK (ARMV4I).ActiveCfg = ReleaseWin32DX11|Win32
		{91FAD237-335F-455A-ACBD-0220BDDEEF59}.ReleaseWin32D3D9|Windows Mobile 5.0 Smartphone SDK (ARMV4I).ActiveCfg = ReleaseWin32DX11|Win32
		{91FAD237-335F-455A-ACBD-0220BDDEEF59}.ReleaseWin32D3D9|x64.ActiveCfg = ReleaseWin32DX11|Win32
		{CD662F30-81AF-455D-BAFE-F2AB792946DF}.DebugWin32DX11|Win32.ActiveCfg = Debug|Win32
		{CD662F30-81AF-455D-BAFE-F2AB792946DF}.DebugWin32DX11|Win32.Build.0 = Debug|Win32
		{CD662F30-81AF-455D-BAFE-F2AB792946DF}.DebugWin32DX11|Windows Mobile 5.0 Pocket PC SDK (ARMV4I).ActiveCfg = Debug|Win32
		{CD662F30-81AF-455D-BAFE-F2AB792946DF}.DebugWin32DX11|Windows Mobile 5.0 Smartphone SDK (ARMV4I).ActiveCfg = Debug|Win32
		{CD662F30-81AF-455D-BAFE-F2AB792946DF}.DebugWin32DX11|x64.ActiveCfg = Debug|Win32
		{CD662F30-81AF-455D-BAFE-F2AB792946DF}.ReleaseWin32D3D9|Win32.ActiveCfg = Release|Win32
		{CD662F30-81AF-455D-BAFE-F2AB792946DF}.ReleaseWin32D3D9|Win32.Build.0 = Release|Win32
		{CD662F30-81AF-455D-BAFE-F2AB792946DF}.ReleaseWin32D3D9|Windows Mobile 5.0 Pocket PC SDK (ARMV4I).ActiveCfg = Release|Win32
		{CD662F30-81AF-455D-BAFE-F2AB792946DF}.ReleaseWin32D3D9|Windows Mobile 5.0 Smartphone SDK (ARMV4I).ActiveCfg = Release|Win32
		{CD662F30-81AF-455D-BAFE-F2AB792946DF}.ReleaseWin32D3D9|x64.ActiveCfg = Release|Win32
		{F38FE900-110C-42A1-A9FC-94F1225D94C9}.DebugWin32DX11|Win32.ActiveCfg = DebugWin32DX11|Win32
		{F38FE900-110C-42A1-A9FC-94F1225D94C9}.DebugWin32DX11|Win32.Build.0 = DebugWin32DX11|Win32
		{F38FE900-110C-42A1-A9FC-94F1225D94C9}.DebugWin32DX11|Windows Mobile 5.0 Pocket PC SDK (ARMV4I).ActiveCfg = DebugWin32DX11|Win32
		{F38FE900-110C-42A1-A9FC-94F1225D94C9}.DebugWin32DX11|Windows Mobile 5.0 Smartphone SDK (ARMV4I).ActiveCfg = DebugWin32DX11|Win32
		{F38FE900-110C-42A1-A9FC-94F1225D94C9}.DebugWin32DX11|x64.ActiveCfg = DebugWin32DX11|Win32
		{F38FE900-110C-42A1-A9FC-94F1225D94C9}.ReleaseWin32D3D9|Win32.ActiveCfg = ReleaseWin32DX11|Win32
		{F38FE900-110C-42A1-A9FC-94F1225D94C9}.ReleaseWin32D3D9|Win32.Build.0 = ReleaseWin32DX11|Win32
		{F38FE900-110C-42A1-A9FC-94F1225D94C9}.ReleaseWin32D3D9|Windows Mobile 5.0 Pocket PC SDK (ARMV4I).ActiveCfg = ReleaseWin32DX11|Win32
		{F38FE900-110C-42A1-A9FC-94F1225D94C9}.ReleaseWin32D3D9|Windows Mobile 5.0 Smartphone SDK (ARMV4I).ActiveCfg = ReleaseWin32DX11|Win32
		{F38FE900-110C-42A1-A9FC-94F1225D94C9}.ReleaseWin32D3D9|x64.ActiveCfg = ReleaseWin32DX11|Win32
		{FF168AA3-1B40-4025-A51D-4F405112F336}.DebugWin32DX11|Win32.ActiveCfg = Debug|Win32
		{FF168AA3-1B40-4025-A51D-4F405112F336}.DebugWin32DX11|Win32.Build.0 = Debug|Win32
		{FF168AA3-1B40-4025-A51D-4F405112F336}.DebugWin32DX11|Windows Mobile 5.0 Pocket PC SDK (ARMV4I).ActiveCfg = Debug|Win32
		{FF168AA3-1B40-4025-A51D-4F405112F336}.DebugWin32DX11|Windows Mobile 5.0 Smartphone SDK (ARMV4I).ActiveCfg = Debug|Win32
		{FF168AA3-1B40-4025-A51D-4F405112F336}.DebugWin32DX11|x64.ActiveCfg = Debug|Win32
		{FF168AA3-1B40-4025-A51D-4F405112F336}.ReleaseWin32D3D9|Win32.ActiveCfg = Release|Win32
		{FF168AA3-1B40-4025-A51D-4F405112F336}.ReleaseWin32D3D9|Win32.Build.0 = Release|Win32
		{FF168AA3-1B40-4025-A51D-4F405112F336}.ReleaseWin32D3D9|Windows Mobile 5.0 Pocket PC SDK (ARMV4I).ActiveCfg = Release|Win32
		{FF168AA3-1B40-4025-A51D-4F405112F336}.ReleaseWin32D3D9|Windows Mobile 5.0 Smartphone SDK (ARMV4I).ActiveCfg = Release|Win32
		{FF168AA3-1B40-4025-A51D-4F405112F336}.ReleaseWin32D3D9|x64.ActiveCfg = Release|Win32
		{B6336438-778E-43FF-A4AC-3FE436BEB1A0}.DebugWin32DX11|Win32.ActiveCfg = Debug|Win32
		{B6336438-778E-43FF-A4AC-3FE436BEB1A0}.DebugWin32DX11|Win32.Build.0 = Debug|Win32
		{B6336438-778E-43FF-A4AC-3FE436BEB1A0}.DebugWin32DX11|Windows Mobile 5.0 Pocket PC SDK (ARMV4I).ActiveCfg = Debug|Win32
		{B6336438-778E-43FF-A4AC-3FE436BEB1A0}.DebugWin32DX11|Windows Mobile 5.0 Smartphone SDK (ARMV4I).ActiveCfg = Debug|Win32
		{B6336438-778E-43FF-A4AC-3FE436BEB1A0}.DebugWin32DX11|x64.ActiveCfg = Debug|Win32
		{B6336438-778E-43FF-A4AC-3FE436BEB1A0}.ReleaseWin32D3D9|Win32.ActiveCfg = Release|Win32
		{B6336438-778E-43FF-A4AC-3FE436BEB1A0}.ReleaseWin32D3D9|Win32.Build.0 = Release|Win32
		{B6336438-778E-43FF-A4AC-3FE436BEB1A0}.ReleaseWin32D3D9|Windows Mobile 5.0 Pocket PC SDK (ARMV4I).ActiveCfg = Release|Win32
		{B6336438-778E-43FF-A4AC-3FE436BEB1A0}.ReleaseWin32D3D9|Windows Mobile 5.0 Smartphone SDK (ARMV4I).ActiveCfg = Release|Win32
		{B6336438-778E-43FF-A4AC-3FE436BEB1A0}.ReleaseWin32D3D9|x64.ActiveCfg = Release|Win32
		{3D72FC73-6645-4806-8B7B-4B3C409AC1BA}.DebugWin32DX11|Win32.ActiveCfg = Debug|Win32
		{3D72FC73-6645-4806-8B7B-4B3C409AC1BA}.DebugWin32DX11|Win32.Build.0 = Debug|Win32
		{3D72FC73-6645-4806-8B7B-4B3C409AC1BA}.DebugWin32DX11|Windows Mobile 5.0 Pocket PC SDK (ARMV4I).ActiveCfg = Debug|Win32
		{3D72FC73-6645-4806-8B7B-4B3C409AC1BA}.DebugWin32DX11|Windows Mobile 5.0 Smartphone SDK (ARMV4I).ActiveCfg = Debug|Win32
		{3D72FC73-6645-4806-8B7B-4B3C409AC1BA}.DebugWin32DX11|x64.ActiveCfg = Debug|Win32
		{3D72FC73-6645-4806-8B7B-4B3C409AC1BA}.ReleaseWin32D3D9|Win32.ActiveCfg = Release|Win32
		{3D72FC73-6645-4806-8B7B-4B3C409AC1BA}.ReleaseWin32D3D9|Win32.Build.0 = Release|Win32
		{3D72FC73-6645-4806-8B7B-4B3C409AC1BA}.ReleaseWin32D3D9|Windows Mobile 5.0 Pocket PC SDK (ARMV4I).ActiveCfg = Release|Win32
		{3D72FC73-6645-4806-8B7B-4B3C409AC1BA}.ReleaseWin32D3D9|Windows Mobile 5.0 Smartphone SDK (ARMV4I).ActiveCfg = Release|Win32
		{3D72FC73-6645-4806-8B7B-4B3C409AC1BA}.ReleaseWin32D3D9|x64.ActiveCfg = Release|Win32
		{F31D47E7-4C01-4B67-8EB8-4252E911878C}.DebugWin32DX11|Win32.ActiveCfg = Debug|Win32
		{F31D47E7-4C01-4B67-8EB8-4252E911878C}.DebugWin32DX11|Win32.Build.0 = Debug|Win32
		{F31D47E7-4C01-4B67-8EB8-4252E911878C}.DebugWin32DX11|Windows Mobile 5.0 Pocket PC SDK (ARMV4I).ActiveCfg = Debug|Win32
		{F31D47E7-4C01-4B67-8EB8-4252E911878C}.DebugWin32DX11|Windows Mobile 5.0 Smartphone SDK (ARMV4I).ActiveCfg = Debug|Win32
		{F31D47E7-4C01-4B67-8EB8-4252E911878C}.DebugWin32DX11|x64.ActiveCfg = Debug|Win32
		{F31D47E7-4C01-4B67-8EB8-4252E911878C}.ReleaseWin32D3D9|Win32.ActiveCfg = Release|Win32
		{F31D47E7-4C01-4B67-8EB8-4252E911878C}.ReleaseWin32D3D9|Win32.Build.0 = Release|Win32
		{F31D47E7-4C01-4B67-8EB8-4252E911878C}.ReleaseWin32D3D9|Windows Mobile 5.0 Pocket PC SDK (ARMV4I).ActiveCfg = Release|Win32
		{F31D47E7-4C01-4B67-8EB8-4252E911878C}.ReleaseWin32D3D9|Windows Mobile 5.0 Smartphone SDK (ARMV4I).ActiveCfg = Release|Win32
		{F31D47E7-4C01-4B67-8EB8-4252E911878C}.ReleaseWin32D3D9|x64.ActiveCfg = Release|Win32
		{3BD711CA-891A-4D65-A462-B2114402465F}.DebugWin32DX11|Win32.ActiveCfg = Debug|Win32
		{3BD711CA-891A-4D65-A462-B2114402465F}.DebugWin32DX11|Win32.Build.0 = Debug|Win32
		{3BD711CA-891A-4D65-A462-B2114402465F}.DebugWin32DX11|Windows Mobile 5.0 Pocket PC SDK (ARMV4I).ActiveCfg = Debug|Win32
		{3BD711CA-891A-4D65-A462-B2114402465F}.DebugWin32DX11|Windows Mobile 5.0 Smartphone SDK (ARMV4I).ActiveCfg = Debug|Win32
		{3BD711CA-891A-4D65-A462-B2114402465F}.DebugWin32DX11|x64.ActiveCfg = Debug|Win32
		{3BD711CA-891A-4D65-A462-B2114402465F}.ReleaseWin32D3D9|Win32.ActiveCfg = Release|Win32
		{3BD711CA-891A-4D65-A462-B2114402465F}.ReleaseWin32D3D9|Win32.Build.0 = Release|Win32
		{3BD711CA-891A-4D65-A462-B2114402465F}.ReleaseWin32D3D9|Windows Mobile 5.0 Pocket PC SDK (ARMV4I).ActiveCfg = Release|Win32
		{3BD711CA-891A-4D65-A462-B2114402465F}.ReleaseWin32D3D9|Windows Mobile 5.0 Smartphone SDK (ARMV4I).ActiveCfg = Release|Win32
		{3BD711CA-891A-4D65-A462-B2114402465F}.ReleaseWin32D3D9|x64.ActiveCfg = Release|Win32
		{15CBFEFF-7965-41F5-B4E2-21E8795C9159}.DebugWin32DX11|Win32.ActiveCfg = Debug|Win32
		{15CBFEFF-7965-41F5-B4E2-21E8795C9159}.DebugWin32DX11|Win32.Build.0 = Debug|Win32
		{15CBFEFF-7965-41F5-B4E2-21E8795C9159}.DebugWin32DX11|Windows Mobile 5.0 Pocket PC SDK (ARMV4I).ActiveCfg = Debug|Windows Mobile 5.0 Smartphone SDK (ARMV4I)
		{15CBFEFF-7965-41F5-B4E2-21E8795C9159}.DebugWin32DX11|Windows Mobile 5.0 Smartphone SDK (ARMV4I).ActiveCfg = Debug|Windows Mobile 5.0 Smartphone SDK (ARMV4I)
		{15CBFEFF-7965-41F5-B4E2-21E8795C9159}.DebugWin32DX11|Windows Mobile 5.0 Smartphone SDK (ARMV4I).Build.0 = Debug|Windows Mobile 5.0 Smartphone SDK (ARMV4I)
		{15CBFEFF-7965-41F5-B4E2-21E8795C9159}.DebugWin32DX11|Windows Mobile 5.0 Smartphone SDK (ARMV4I).Deploy.0 = Debug|Windows Mobile 5.0 Smartphone SDK (ARMV4I)
		{15CBFEFF-7965-41F5-B4E2-21E8795C9159}.DebugWin32DX11|x64.ActiveCfg = Debug|Windows Mobile 5.0 Smartphone SDK (ARMV4I)
		{15CBFEFF-7965-41F5-B4E2-21E8795C9159}.ReleaseWin32D3D9|Win32.ActiveCfg = Release|Win32
		{15CBFEFF-7965-41F5-B4E2-21E8795C9159}.ReleaseWin32D3D9|Win32.Build.0 = Release|Win32
		{15CBFEFF-7965-41F5-B4E2-21E8795C9159}.ReleaseWin32D3D9|Windows Mobile 5.0 Pocket PC SDK (ARMV4I).ActiveCfg = Release|Windows Mobile 5.0 Smartphone SDK (ARMV4I)
		{15CBFEFF-7965-41F5-B4E2-21E8795C9159}.ReleaseWin32D3D9|Windows Mobile 5.0 Smartphone SDK (ARMV4I).ActiveCfg = Release|Windows Mobile 5.0 Smartphone SDK (ARMV4I)
		{15CBFEFF-7965-41F5-B4E2-21E8795C9159}.ReleaseWin32D3D9|Windows Mobile 5.0 Smartphone SDK (ARMV4I).Build.0 = Release|Windows Mobile 5.0 Smartphone SDK (ARMV4I)
		{15CBFEFF-7965-41F5-B4E2-21E8795C9159}.ReleaseWin32D3D9|Windows Mobile 5.0 Smartphone SDK (ARMV4I).Deploy.0 = Release|Windows Mobile 5.0 Smartphone SDK (ARMV4I)
		{15CBFEFF-7965-41F5-B4E2-21E8795C9159}.ReleaseWin32D3D9|x64.ActiveCfg = Release|Windows Mobile 5.0 Smartphone SDK (ARMV4I)
		{3A214E06-B95E-4D61-A291-1F8DF2EC10FD}.DebugWin32DX11|Win32.ActiveCfg = Debug|Win32
		{3A214E06-B95E-4D61-A291-1F8DF2EC10FD}.DebugWin32DX11|Win32.Build.0 = Debug|Win32
		{3A214E06-B95E-4D61-A291-1F8DF2EC10FD}.DebugWin32DX11|Windows Mobile 5.0 Pocket PC SDK (ARMV4I).ActiveCfg = Debug|Windows Mobile 5.0 Smartphone SDK (ARMV4I)
		{3A214E06-B95E-4D61-A291-1F8DF2EC10FD}.DebugWin32DX11|Windows Mobile 5.0 Smartphone SDK (ARMV4I).ActiveCfg = Debug|Windows Mobile 5.0 Smartphone SDK (ARMV4I)
		{3A214E06-B95E-4D61-A291-1F8DF2EC10FD}.DebugWin32DX11|Windows Mobile 5.0 Smartphone SDK (ARMV4I).Build.0 = Debug|Windows Mobile 5.0 Smartphone SDK (ARMV4I)
		{3A214E06-B95E-4D61-A291-1F8DF2EC10FD}.DebugWin32DX11|Windows Mobile 5.0 Smartphone SDK (ARMV4I).Deploy.0 = Debug|Windows Mobile 5.0 Smartphone SDK (ARMV4I)
		{3A214E06-B95E-4D61-A291-1F8DF2EC10FD}.DebugWin32DX11|x64.ActiveCfg = Debug|Windows Mobile 5.0 Smartphone SDK (ARMV4I)
		{3A214E06-B95E-4D61-A291-1F8DF2EC10FD}.ReleaseWin32D3D9|Win32.ActiveCfg = Release|Win32
		{3A214E06-B95E-4D61-A291-1F8DF2EC10FD}.ReleaseWin32D3D9|Win32.Build.0 = Release|Win32
		{3A214E06-B95E-4D61-A291-1F8DF2EC10FD}.ReleaseWin32D3D9|Windows Mobile 5.0 Pocket PC SDK (ARMV4I).ActiveCfg = Release|Windows Mobile 5.0 Smartphone SDK (ARMV4I)
		{3A214E06-B95E-4D61-A291-1F8DF2EC10FD}.ReleaseWin32D3D9|Windows Mobile 5.0 Smartphone SDK (ARMV4I).ActiveCfg = Release|Windows Mobile 5.0 Smartphone SDK (ARMV4I)
		{3A214E06-B95E-4D61-A291-1F8DF2EC10FD}.ReleaseWin32D3D9|Windows Mobile 5.0 Smartphone SDK (ARMV4I).Build.0 = Release|Windows Mobile 5.0 Smartphone SDK (ARMV4I)
		{3A214E06-B95E-4D61-A291-1F8DF2EC10FD}.ReleaseWin32D3D9|Windows Mobile 5.0 Smartphone SDK (ARMV4I).Deploy.0 = Release|Windows Mobile 5.0 Smartphone SDK (ARMV4I)
		{3A214E06-B95E-4D61-A291-1F8DF2EC10FD}.ReleaseWin32D3D9|x64.ActiveCfg = Release|Windows Mobile 5.0 Smartphone SDK (ARMV4I)
		{CEBDE98B-A6AA-46E6-BC79-FAAF823DB9EC}.DebugWin32DX11|Win32.ActiveCfg = Debug|Win32
		{CEBDE98B-A6AA-46E6-BC79-FAAF823DB9EC}.DebugWin32DX11|Win32.Build.0 = Debug|Win32
		{CEBDE98B-A6AA-46E6-BC79-FAAF823DB9EC}.DebugWin32DX11|Windows Mobile 5.0 Pocket PC SDK (ARMV4I).ActiveCfg = Debug|x64
		{CEBDE98B-A6AA-46E6-BC79-FAAF823DB9EC}.DebugWin32DX11|Windows Mobile 5.0 Smartphone SDK (ARMV4I).ActiveCfg = Debug|x64
		{CEBDE98B-A6AA-46E6-BC79-FAAF823DB9EC}.DebugWin32DX11|x64.ActiveCfg = Debug|x64
		{CEBDE98B-A6AA-46E6-BC79-FAAF823DB9EC}.DebugWin32DX11|x64.Build.0 = Debug|x64
		{CEBDE98B-A6AA-46E6-BC79-FAAF823DB9EC}.ReleaseWin32D3D9|Win32.ActiveCfg = Release|Win32
		{CEBDE98B-A6AA-46E6-BC79-FAAF823DB9EC}.ReleaseWin32D3D9|Win32.Build.0 = Release|Win32
		{CEBDE98B-A6AA-46E6-BC79-FAAF823DB9EC}.ReleaseWin32D3D9|Windows Mobile 5.0 Pocket PC SDK (ARMV4I).ActiveCfg = Release|x64
		{CEBDE98B-A6AA-46E6-BC79-FAAF823DB9EC}.ReleaseWin32D3D9|Windows Mobile 5.0 Smartphone SDK (ARMV4I).ActiveCfg = Release|x64
		{CEBDE98B-A6AA-46E6-BC79-FAAF823DB9EC}.ReleaseWin32D3D9|x64.ActiveCfg = Release|x64
		{CEBDE98B-A6AA-46E6-BC79-FAAF823DB9EC}.ReleaseWin32D3D9|x64.Build.0 = Release|x64
	EndGlobalSection
	GlobalSection(SolutionProperties) = preSolution
		HideSolutionNode = FALSE
	EndGlobalSection
	GlobalSection(NestedProjects) = preSolution
		{CD662F30-81AF-455D-BAFE-F2AB792946DF} = {CEF95F9D-5C16-4216-A9E1-0540454B1C3E}
		{91FAD237-335F-455A-ACBD-0220BDDEEF59} = {CEF95F9D-5C16-4216-A9E1-0540454B1C3E}
		{FF168AA3-1B40-4025-A51D-4F405112F336} = {CEF95F9D-5C16-4216-A9E1-0540454B1C3E}
		{B6336438-778E-43FF-A4AC-3FE436BEB1A0} = {CEF95F9D-5C16-4216-A9E1-0540454B1C3E}
		{F687E727-96DE-4BE6-A7CC-71C6E5ABBE52} = {CEF95F9D-5C16-4216-A9E1-0540454B1C3E}
		{F31D47E7-4C01-4B67-8EB8-4252E911878C} = {CEF95F9D-5C16-4216-A9E1-0540454B1C3E}
		{15CBFEFF-7965-41F5-B4E2-21E8795C9159} = {CEF95F9D-5C16-4216-A9E1-0540454B1C3E}
		{3A214E06-B95E-4D61-A291-1F8DF2EC10FD} = {CEF95F9D-5C16-4216-A9E1-0540454B1C3E}
		{CEBDE98B-A6AA-46E6-BC79-FAAF823DB9EC} = {CEF95F9D-5C16-4216-A9E1-0540454B1C3E}
		{82B52637-BC0F-4440-994B-A92FBA89A80A} = {F687E727-96DE-4BE6-A7CC-71C6E5ABBE52}
		{3D72FC73-6645-4806-8B7B-4B3C409AC1BA} = {82B52637-BC0F-4440-994B-A92FBA89A80A}
		{783AF7F5-C0AF-484A-99F5-E1AC5A6CE586} = {82B52637-BC0F-4440-994B-A92FBA89A80A}
		{3BD711CA-891A-4D65-A462-B2114402465F} = {783AF7F5-C0AF-484A-99F5-E1AC5A6CE586}
	EndGlobalSection
	GlobalSection(ExtensibilityGlobals) = postSolution
		AMDCaProjectFile = C:\Dev\Heart.v2\Heart\CodeAnalyst\Heart.caw
	EndGlobalSection
EndGlobal
