
Microsoft Visual Studio Solution File, Format Version 10.00
# Visual Studio 2008
Project("{8BC9CEB8-8B4A-11D0-8D11-00A0C91BC942}") = "zlib", "..\zlib\zlib.vcproj", "{CD662F30-81AF-455D-BAFE-F2AB792946DF}"
EndProject
Project("{2150E333-8FDC-42A3-9474-1A3956D46DE8}") = "Engine", "Engine", "{CEF95F9D-5C16-4216-A9E1-0540454B1C3E}"
EndProject
Project("{2150E333-8FDC-42A3-9474-1A3956D46DE8}") = "Packer", "Packer", "{5AB27783-6280-4ACC-9C6F-8181AAEC5D43}"
EndProject
Project("{8BC9CEB8-8B4A-11D0-8D11-00A0C91BC942}") = "HeartPacker", "HeartPacker.vcproj", "{7E1331FD-F24E-4C81-9C64-6A0C96097D3D}"
	ProjectSection(ProjectDependencies) = postProject
		{E3FF92BE-320F-4F7D-97A9-37D281B665D6} = {E3FF92BE-320F-4F7D-97A9-37D281B665D6}
		{F31D47E7-4C01-4B67-8EB8-4252E911878C} = {F31D47E7-4C01-4B67-8EB8-4252E911878C}
	EndProjectSection
EndProject
Project("{8BC9CEB8-8B4A-11D0-8D11-00A0C91BC942}") = "squish", "..\squish\squish.vcproj", "{959D19E8-B63A-4223-9A83-C4568292AB4F}"
EndProject
Project("{8BC9CEB8-8B4A-11D0-8D11-00A0C91BC942}") = "libpng", "..\libpng\libpng.vcproj", "{C9B7C6C4-41DF-414D-A982-A79900751AD8}"
	ProjectSection(ProjectDependencies) = postProject
		{CD662F30-81AF-455D-BAFE-F2AB792946DF} = {CD662F30-81AF-455D-BAFE-F2AB792946DF}
	EndProjectSection
EndProject
Project("{2150E333-8FDC-42A3-9474-1A3956D46DE8}") = "Resource Builders", "Resource Builders", "{FF403D66-B5EC-43EB-8B39-2EFBBDD20AB4}"
EndProject
Project("{8BC9CEB8-8B4A-11D0-8D11-00A0C91BC942}") = "TextureBuilder", "..\EngineResourceBuilders\TextureBuilder\TextureBuilder.vcproj", "{4DEB7CE8-D3CE-4F65-A7AF-72EF9A5BBD7F}"
	ProjectSection(ProjectDependencies) = postProject
		{CD662F30-81AF-455D-BAFE-F2AB792946DF} = {CD662F30-81AF-455D-BAFE-F2AB792946DF}
		{91FAD237-335F-455A-ACBD-0220BDDEEF59} = {91FAD237-335F-455A-ACBD-0220BDDEEF59}
		{C9B7C6C4-41DF-414D-A982-A79900751AD8} = {C9B7C6C4-41DF-414D-A982-A79900751AD8}
		{959D19E8-B63A-4223-9A83-C4568292AB4F} = {959D19E8-B63A-4223-9A83-C4568292AB4F}
	EndProjectSection
EndProject
Project("{8BC9CEB8-8B4A-11D0-8D11-00A0C91BC942}") = "minizip", "..\minizip\minizip.vcproj", "{FF168AA3-1B40-4025-A51D-4F405112F336}"
EndProject
Project("{8BC9CEB8-8B4A-11D0-8D11-00A0C91BC942}") = "FontBuilder", "..\EngineResourceBuilders\FontBuilder\FontBuilder.vcproj", "{E9BAD0D8-7097-4083-94FF-98CA82E0A8A3}"
	ProjectSection(ProjectDependencies) = postProject
		{91FAD237-335F-455A-ACBD-0220BDDEEF59} = {91FAD237-335F-455A-ACBD-0220BDDEEF59}
		{78B079BD-9FC7-4B9E-B4A6-96DA0F00248B} = {78B079BD-9FC7-4B9E-B4A6-96DA0F00248B}
		{E3FF92BE-320F-4F7D-97A9-37D281B665D6} = {E3FF92BE-320F-4F7D-97A9-37D281B665D6}
	EndProjectSection
EndProject
Project("{8BC9CEB8-8B4A-11D0-8D11-00A0C91BC942}") = "MaterialBuilder", "..\EngineResourceBuilders\MaterialBuilder\MaterialBuilder.vcproj", "{B9E03EE0-3C97-461E-A823-D4693F986E53}"
	ProjectSection(ProjectDependencies) = postProject
		{91FAD237-335F-455A-ACBD-0220BDDEEF59} = {91FAD237-335F-455A-ACBD-0220BDDEEF59}
		{E3FF92BE-320F-4F7D-97A9-37D281B665D6} = {E3FF92BE-320F-4F7D-97A9-37D281B665D6}
	EndProjectSection
EndProject
Project("{8BC9CEB8-8B4A-11D0-8D11-00A0C91BC942}") = "Heart", "..\Heart\Heart.vcproj", "{91FAD237-335F-455A-ACBD-0220BDDEEF59}"
	ProjectSection(ProjectDependencies) = postProject
		{CD662F30-81AF-455D-BAFE-F2AB792946DF} = {CD662F30-81AF-455D-BAFE-F2AB792946DF}
		{B6336438-778E-43FF-A4AC-3FE436BEB1A0} = {B6336438-778E-43FF-A4AC-3FE436BEB1A0}
		{3D72FC73-6645-4806-8B7B-4B3C409AC1BA} = {3D72FC73-6645-4806-8B7B-4B3C409AC1BA}
		{5D558997-D21E-42BF-BCDA-6D076532FBB6} = {5D558997-D21E-42BF-BCDA-6D076532FBB6}
		{FF168AA3-1B40-4025-A51D-4F405112F336} = {FF168AA3-1B40-4025-A51D-4F405112F336}
		{F31D47E7-4C01-4B67-8EB8-4252E911878C} = {F31D47E7-4C01-4B67-8EB8-4252E911878C}
	EndProjectSection
EndProject
Project("{8BC9CEB8-8B4A-11D0-8D11-00A0C91BC942}") = "SceneBuilder", "..\EngineResourceBuilders\SceneBuilder\SceneBuilder.vcproj", "{22DD9D06-E946-4DDA-94F8-C03B050F5840}"
	ProjectSection(ProjectDependencies) = postProject
		{91FAD237-335F-455A-ACBD-0220BDDEEF59} = {91FAD237-335F-455A-ACBD-0220BDDEEF59}
	EndProjectSection
EndProject
Project("{8BC9CEB8-8B4A-11D0-8D11-00A0C91BC942}") = "LocatorBuilder", "..\EngineResourceBuilders\LocatorBuilder\LocatorBuilder.vcproj", "{0174C870-805F-47AB-8004-B770514A11BD}"
	ProjectSection(ProjectDependencies) = postProject
		{91FAD237-335F-455A-ACBD-0220BDDEEF59} = {91FAD237-335F-455A-ACBD-0220BDDEEF59}
	EndProjectSection
EndProject
Project("{8BC9CEB8-8B4A-11D0-8D11-00A0C91BC942}") = "CameraBuilder", "..\EngineResourceBuilders\CameraBuilder\CameraBuilder.vcproj", "{0F1B983D-BBE5-4BE8-B9DC-82E0E76D4407}"
	ProjectSection(ProjectDependencies) = postProject
		{91FAD237-335F-455A-ACBD-0220BDDEEF59} = {91FAD237-335F-455A-ACBD-0220BDDEEF59}
	EndProjectSection
EndProject
Project("{8BC9CEB8-8B4A-11D0-8D11-00A0C91BC942}") = "LightBuilder", "..\EngineResourceBuilders\LightBuilder\LightBuilder.vcproj", "{478A25A5-8C5B-46CA-A6BE-22C28B4AAB0C}"
	ProjectSection(ProjectDependencies) = postProject
		{91FAD237-335F-455A-ACBD-0220BDDEEF59} = {91FAD237-335F-455A-ACBD-0220BDDEEF59}
	EndProjectSection
EndProject
Project("{8BC9CEB8-8B4A-11D0-8D11-00A0C91BC942}") = "MeshCollectionBuilder", "..\EngineResourceBuilders\MeshCollectionBuilder\MeshCollectionBuilder.vcproj", "{DB49D29D-5834-44F9-805B-2773BFCA85BD}"
	ProjectSection(ProjectDependencies) = postProject
		{91FAD237-335F-455A-ACBD-0220BDDEEF59} = {91FAD237-335F-455A-ACBD-0220BDDEEF59}
	EndProjectSection
EndProject
Project("{8BC9CEB8-8B4A-11D0-8D11-00A0C91BC942}") = "MeshBuilder", "..\EngineResourceBuilders\MeshBuilder\MeshBuilder.vcproj", "{B9CC6EA6-B675-43A1-95F3-47A2513FE55E}"
	ProjectSection(ProjectDependencies) = postProject
		{91FAD237-335F-455A-ACBD-0220BDDEEF59} = {91FAD237-335F-455A-ACBD-0220BDDEEF59}
	EndProjectSection
EndProject
Project("{8BC9CEB8-8B4A-11D0-8D11-00A0C91BC942}") = "VertexBufferBuilder", "..\EngineResourceBuilders\VertexBufferBuilder\VertexBufferBuilder.vcproj", "{ABB96D29-D098-43E4-B9F8-CB754DCB02C9}"
	ProjectSection(ProjectDependencies) = postProject
		{74B3B800-4781-4956-B75D-479F03F7948E} = {74B3B800-4781-4956-B75D-479F03F7948E}
		{91FAD237-335F-455A-ACBD-0220BDDEEF59} = {91FAD237-335F-455A-ACBD-0220BDDEEF59}
	EndProjectSection
EndProject
Project("{8BC9CEB8-8B4A-11D0-8D11-00A0C91BC942}") = "IndexBufferBuilder", "..\EngineResourceBuilders\IndexBufferBuilder\IndexBufferBuilder.vcproj", "{E8A59987-A86A-47CC-A6F5-32712FFFBF54}"
	ProjectSection(ProjectDependencies) = postProject
		{74B3B800-4781-4956-B75D-479F03F7948E} = {74B3B800-4781-4956-B75D-479F03F7948E}
		{91FAD237-335F-455A-ACBD-0220BDDEEF59} = {91FAD237-335F-455A-ACBD-0220BDDEEF59}
	EndProjectSection
EndProject
Project("{8BC9CEB8-8B4A-11D0-8D11-00A0C91BC942}") = "NvTriStrip", "..\NvTriStrip\src\NvTriStrip\NvTriStrip.vcproj", "{74B3B800-4781-4956-B75D-479F03F7948E}"
EndProject
Project("{8BC9CEB8-8B4A-11D0-8D11-00A0C91BC942}") = "lua", "..\lua\lua.vcproj", "{B6336438-778E-43FF-A4AC-3FE436BEB1A0}"
EndProject
Project("{8BC9CEB8-8B4A-11D0-8D11-00A0C91BC942}") = "LuaScriptBuilder", "..\EngineResourceBuilders\LuaScriptBuilder\LuaScriptBuilder.vcproj", "{16A0667D-B6B4-4576-8711-DBF02868F6DF}"
	ProjectSection(ProjectDependencies) = postProject
		{91FAD237-335F-455A-ACBD-0220BDDEEF59} = {91FAD237-335F-455A-ACBD-0220BDDEEF59}
		{B6336438-778E-43FF-A4AC-3FE436BEB1A0} = {B6336438-778E-43FF-A4AC-3FE436BEB1A0}
	EndProjectSection
EndProject
Project("{8BC9CEB8-8B4A-11D0-8D11-00A0C91BC942}") = "GameDatabaseLib", "..\GameDatabaseLib\GameDatabaseLib.vcproj", "{E3FF92BE-320F-4F7D-97A9-37D281B665D6}"
	ProjectSection(ProjectDependencies) = postProject
		{F31D47E7-4C01-4B67-8EB8-4252E911878C} = {F31D47E7-4C01-4B67-8EB8-4252E911878C}
	EndProjectSection
EndProject
Project("{8BC9CEB8-8B4A-11D0-8D11-00A0C91BC942}") = "crypto", "..\crypto\crypto.vcproj", "{F31D47E7-4C01-4B67-8EB8-4252E911878C}"
EndProject
Project("{8BC9CEB8-8B4A-11D0-8D11-00A0C91BC942}") = "UnitTestResourceDLL", "..\UnitTestResourceDLL\UnitTestResourceDLL.vcproj", "{AAA4E80E-71EB-42EC-B8F2-0C4399693755}"
	ProjectSection(ProjectDependencies) = postProject
		{91FAD237-335F-455A-ACBD-0220BDDEEF59} = {91FAD237-335F-455A-ACBD-0220BDDEEF59}
		{E3FF92BE-320F-4F7D-97A9-37D281B665D6} = {E3FF92BE-320F-4F7D-97A9-37D281B665D6}
	EndProjectSection
EndProject
Project("{2150E333-8FDC-42A3-9474-1A3956D46DE8}") = "Device", "Device", "{CF82DE0B-7D37-459D-8109-602EC9F3263D}"
EndProject
Project("{8BC9CEB8-8B4A-11D0-8D11-00A0C91BC942}") = "DeviceWin32", "..\DeviceWin32\DeviceWin32.vcproj", "{3D72FC73-6645-4806-8B7B-4B3C409AC1BA}"
EndProject
Project("{2150E333-8FDC-42A3-9474-1A3956D46DE8}") = "Render", "Render", "{9CC36963-FB17-4106-9593-D3DF2AF200B5}"
EndProject
Project("{8BC9CEB8-8B4A-11D0-8D11-00A0C91BC942}") = "tinyXML", "..\tinyXML\tinyXML.vcproj", "{5D558997-D21E-42BF-BCDA-6D076532FBB6}"
EndProject
Project("{8BC9CEB8-8B4A-11D0-8D11-00A0C91BC942}") = "ShaderBuilder", "..\EngineResourceBuilders\ShaderBuilder\ShaderBuilder.vcproj", "{DEA4624A-A8C8-425A-B735-3A51F9493979}"
	ProjectSection(ProjectDependencies) = postProject
		{91FAD237-335F-455A-ACBD-0220BDDEEF59} = {91FAD237-335F-455A-ACBD-0220BDDEEF59}
		{E3FF92BE-320F-4F7D-97A9-37D281B665D6} = {E3FF92BE-320F-4F7D-97A9-37D281B665D6}
	EndProjectSection
EndProject
Project("{8BC9CEB8-8B4A-11D0-8D11-00A0C91BC942}") = "freetype", "..\freetype-2.4.8\builds\win32\vc2008\freetype.vcproj", "{78B079BD-9FC7-4B9E-B4A6-96DA0F00248B}"
EndProject
Project("{8BC9CEB8-8B4A-11D0-8D11-00A0C91BC942}") = "DeviceWin32DX11", "..\DeviceWin32DX11\DeviceWin32DX11.vcproj", "{3BD711CA-891A-4D65-A462-B2114402465F}"
EndProject
Global
	GlobalSection(SolutionConfigurationPlatforms) = preSolution
		Debug|Win32 = Debug|Win32
		Release|Win32 = Release|Win32
	EndGlobalSection
	GlobalSection(ProjectConfigurationPlatforms) = postSolution
		{CD662F30-81AF-455D-BAFE-F2AB792946DF}.Debug|Win32.ActiveCfg = Debug|Win32
		{CD662F30-81AF-455D-BAFE-F2AB792946DF}.Debug|Win32.Build.0 = Debug|Win32
		{CD662F30-81AF-455D-BAFE-F2AB792946DF}.Release|Win32.ActiveCfg = Release|Win32
		{CD662F30-81AF-455D-BAFE-F2AB792946DF}.Release|Win32.Build.0 = Release|Win32
		{7E1331FD-F24E-4C81-9C64-6A0C96097D3D}.Debug|Win32.ActiveCfg = Debug|Win32
		{7E1331FD-F24E-4C81-9C64-6A0C96097D3D}.Debug|Win32.Build.0 = Debug|Win32
		{7E1331FD-F24E-4C81-9C64-6A0C96097D3D}.Release|Win32.ActiveCfg = Release|Win32
		{7E1331FD-F24E-4C81-9C64-6A0C96097D3D}.Release|Win32.Build.0 = Release|Win32
		{959D19E8-B63A-4223-9A83-C4568292AB4F}.Debug|Win32.ActiveCfg = Debug|Win32
		{959D19E8-B63A-4223-9A83-C4568292AB4F}.Debug|Win32.Build.0 = Debug|Win32
		{959D19E8-B63A-4223-9A83-C4568292AB4F}.Release|Win32.ActiveCfg = Release|Win32
		{959D19E8-B63A-4223-9A83-C4568292AB4F}.Release|Win32.Build.0 = Release|Win32
		{C9B7C6C4-41DF-414D-A982-A79900751AD8}.Debug|Win32.ActiveCfg = Debug|Win32
		{C9B7C6C4-41DF-414D-A982-A79900751AD8}.Debug|Win32.Build.0 = Debug|Win32
		{C9B7C6C4-41DF-414D-A982-A79900751AD8}.Release|Win32.ActiveCfg = Release|Win32
		{C9B7C6C4-41DF-414D-A982-A79900751AD8}.Release|Win32.Build.0 = Release|Win32
		{4DEB7CE8-D3CE-4F65-A7AF-72EF9A5BBD7F}.Debug|Win32.ActiveCfg = Debug|Win32
		{4DEB7CE8-D3CE-4F65-A7AF-72EF9A5BBD7F}.Debug|Win32.Build.0 = Debug|Win32
		{4DEB7CE8-D3CE-4F65-A7AF-72EF9A5BBD7F}.Release|Win32.ActiveCfg = Release|Win32
		{4DEB7CE8-D3CE-4F65-A7AF-72EF9A5BBD7F}.Release|Win32.Build.0 = Release|Win32
		{FF168AA3-1B40-4025-A51D-4F405112F336}.Debug|Win32.ActiveCfg = Debug|Win32
		{FF168AA3-1B40-4025-A51D-4F405112F336}.Debug|Win32.Build.0 = Debug|Win32
		{FF168AA3-1B40-4025-A51D-4F405112F336}.Release|Win32.ActiveCfg = Release|Win32
		{FF168AA3-1B40-4025-A51D-4F405112F336}.Release|Win32.Build.0 = Release|Win32
		{E9BAD0D8-7097-4083-94FF-98CA82E0A8A3}.Debug|Win32.ActiveCfg = Debug|Win32
		{E9BAD0D8-7097-4083-94FF-98CA82E0A8A3}.Debug|Win32.Build.0 = Debug|Win32
		{E9BAD0D8-7097-4083-94FF-98CA82E0A8A3}.Release|Win32.ActiveCfg = Release|Win32
		{E9BAD0D8-7097-4083-94FF-98CA82E0A8A3}.Release|Win32.Build.0 = Release|Win32
		{B9E03EE0-3C97-461E-A823-D4693F986E53}.Debug|Win32.ActiveCfg = Debug|Win32
		{B9E03EE0-3C97-461E-A823-D4693F986E53}.Debug|Win32.Build.0 = Debug|Win32
		{B9E03EE0-3C97-461E-A823-D4693F986E53}.Release|Win32.ActiveCfg = Release|Win32
		{B9E03EE0-3C97-461E-A823-D4693F986E53}.Release|Win32.Build.0 = Release|Win32
		{91FAD237-335F-455A-ACBD-0220BDDEEF59}.Debug|Win32.ActiveCfg = PackerDebug|Win32
		{91FAD237-335F-455A-ACBD-0220BDDEEF59}.Debug|Win32.Build.0 = PackerDebug|Win32
		{91FAD237-335F-455A-ACBD-0220BDDEEF59}.Release|Win32.ActiveCfg = PackerRelease|Win32
		{91FAD237-335F-455A-ACBD-0220BDDEEF59}.Release|Win32.Build.0 = PackerRelease|Win32
		{22DD9D06-E946-4DDA-94F8-C03B050F5840}.Debug|Win32.ActiveCfg = Debug|Win32
		{22DD9D06-E946-4DDA-94F8-C03B050F5840}.Release|Win32.ActiveCfg = Release|Win32
		{22DD9D06-E946-4DDA-94F8-C03B050F5840}.Release|Win32.Build.0 = Release|Win32
		{0174C870-805F-47AB-8004-B770514A11BD}.Debug|Win32.ActiveCfg = Debug|Win32
		{0174C870-805F-47AB-8004-B770514A11BD}.Release|Win32.ActiveCfg = Release|Win32
		{0174C870-805F-47AB-8004-B770514A11BD}.Release|Win32.Build.0 = Release|Win32
		{0F1B983D-BBE5-4BE8-B9DC-82E0E76D4407}.Debug|Win32.ActiveCfg = Debug|Win32
		{0F1B983D-BBE5-4BE8-B9DC-82E0E76D4407}.Release|Win32.ActiveCfg = Release|Win32
		{0F1B983D-BBE5-4BE8-B9DC-82E0E76D4407}.Release|Win32.Build.0 = Release|Win32
		{478A25A5-8C5B-46CA-A6BE-22C28B4AAB0C}.Debug|Win32.ActiveCfg = Debug|Win32
		{478A25A5-8C5B-46CA-A6BE-22C28B4AAB0C}.Release|Win32.ActiveCfg = Release|Win32
		{478A25A5-8C5B-46CA-A6BE-22C28B4AAB0C}.Release|Win32.Build.0 = Release|Win32
		{DB49D29D-5834-44F9-805B-2773BFCA85BD}.Debug|Win32.ActiveCfg = Debug|Win32
		{DB49D29D-5834-44F9-805B-2773BFCA85BD}.Release|Win32.ActiveCfg = Release|Win32
		{DB49D29D-5834-44F9-805B-2773BFCA85BD}.Release|Win32.Build.0 = Release|Win32
		{B9CC6EA6-B675-43A1-95F3-47A2513FE55E}.Debug|Win32.ActiveCfg = Debug|Win32
		{B9CC6EA6-B675-43A1-95F3-47A2513FE55E}.Release|Win32.ActiveCfg = Release|Win32
		{B9CC6EA6-B675-43A1-95F3-47A2513FE55E}.Release|Win32.Build.0 = Release|Win32
		{ABB96D29-D098-43E4-B9F8-CB754DCB02C9}.Debug|Win32.ActiveCfg = Debug|Win32
		{ABB96D29-D098-43E4-B9F8-CB754DCB02C9}.Release|Win32.ActiveCfg = Release|Win32
		{ABB96D29-D098-43E4-B9F8-CB754DCB02C9}.Release|Win32.Build.0 = Release|Win32
		{E8A59987-A86A-47CC-A6F5-32712FFFBF54}.Debug|Win32.ActiveCfg = Debug|Win32
		{E8A59987-A86A-47CC-A6F5-32712FFFBF54}.Release|Win32.ActiveCfg = Release|Win32
		{E8A59987-A86A-47CC-A6F5-32712FFFBF54}.Release|Win32.Build.0 = Release|Win32
		{74B3B800-4781-4956-B75D-479F03F7948E}.Debug|Win32.ActiveCfg = Debug|Win32
		{74B3B800-4781-4956-B75D-479F03F7948E}.Debug|Win32.Build.0 = Debug|Win32
		{74B3B800-4781-4956-B75D-479F03F7948E}.Release|Win32.ActiveCfg = Release|Win32
		{74B3B800-4781-4956-B75D-479F03F7948E}.Release|Win32.Build.0 = Release|Win32
		{B6336438-778E-43FF-A4AC-3FE436BEB1A0}.Debug|Win32.ActiveCfg = Debug|Win32
		{B6336438-778E-43FF-A4AC-3FE436BEB1A0}.Debug|Win32.Build.0 = Debug|Win32
		{B6336438-778E-43FF-A4AC-3FE436BEB1A0}.Release|Win32.ActiveCfg = Release|Win32
		{B6336438-778E-43FF-A4AC-3FE436BEB1A0}.Release|Win32.Build.0 = Release|Win32
		{16A0667D-B6B4-4576-8711-DBF02868F6DF}.Debug|Win32.ActiveCfg = Debug|Win32
		{16A0667D-B6B4-4576-8711-DBF02868F6DF}.Release|Win32.ActiveCfg = Release|Win32
		{16A0667D-B6B4-4576-8711-DBF02868F6DF}.Release|Win32.Build.0 = Release|Win32
		{E3FF92BE-320F-4F7D-97A9-37D281B665D6}.Debug|Win32.ActiveCfg = Debug|Win32
		{E3FF92BE-320F-4F7D-97A9-37D281B665D6}.Debug|Win32.Build.0 = Debug|Win32
		{E3FF92BE-320F-4F7D-97A9-37D281B665D6}.Release|Win32.ActiveCfg = Release|Win32
		{E3FF92BE-320F-4F7D-97A9-37D281B665D6}.Release|Win32.Build.0 = Release|Win32
		{F31D47E7-4C01-4B67-8EB8-4252E911878C}.Debug|Win32.ActiveCfg = Debug|Win32
		{F31D47E7-4C01-4B67-8EB8-4252E911878C}.Debug|Win32.Build.0 = Debug|Win32
		{F31D47E7-4C01-4B67-8EB8-4252E911878C}.Release|Win32.ActiveCfg = Release|Win32
		{F31D47E7-4C01-4B67-8EB8-4252E911878C}.Release|Win32.Build.0 = Release|Win32
		{AAA4E80E-71EB-42EC-B8F2-0C4399693755}.Debug|Win32.ActiveCfg = Debug|Win32
		{AAA4E80E-71EB-42EC-B8F2-0C4399693755}.Debug|Win32.Build.0 = Debug|Win32
		{AAA4E80E-71EB-42EC-B8F2-0C4399693755}.Release|Win32.ActiveCfg = Release|Win32
		{AAA4E80E-71EB-42EC-B8F2-0C4399693755}.Release|Win32.Build.0 = Release|Win32
		{3D72FC73-6645-4806-8B7B-4B3C409AC1BA}.Debug|Win32.ActiveCfg = Debug|Win32
		{3D72FC73-6645-4806-8B7B-4B3C409AC1BA}.Debug|Win32.Build.0 = Debug|Win32
		{3D72FC73-6645-4806-8B7B-4B3C409AC1BA}.Release|Win32.ActiveCfg = Release|Win32
		{3D72FC73-6645-4806-8B7B-4B3C409AC1BA}.Release|Win32.Build.0 = Release|Win32
		{5D558997-D21E-42BF-BCDA-6D076532FBB6}.Debug|Win32.ActiveCfg = Debug|Win32
		{5D558997-D21E-42BF-BCDA-6D076532FBB6}.Debug|Win32.Build.0 = Debug|Win32
		{5D558997-D21E-42BF-BCDA-6D076532FBB6}.Release|Win32.ActiveCfg = Release|Win32
		{5D558997-D21E-42BF-BCDA-6D076532FBB6}.Release|Win32.Build.0 = Release|Win32
		{DEA4624A-A8C8-425A-B735-3A51F9493979}.Debug|Win32.ActiveCfg = Debug|Win32
		{DEA4624A-A8C8-425A-B735-3A51F9493979}.Debug|Win32.Build.0 = Debug|Win32
		{DEA4624A-A8C8-425A-B735-3A51F9493979}.Release|Win32.ActiveCfg = Release|Win32
		{DEA4624A-A8C8-425A-B735-3A51F9493979}.Release|Win32.Build.0 = Release|Win32
		{78B079BD-9FC7-4B9E-B4A6-96DA0F00248B}.Debug|Win32.ActiveCfg = Debug Multithreaded|Win32
		{78B079BD-9FC7-4B9E-B4A6-96DA0F00248B}.Debug|Win32.Build.0 = Debug Multithreaded|Win32
		{78B079BD-9FC7-4B9E-B4A6-96DA0F00248B}.Release|Win32.ActiveCfg = Release Multithreaded|Win32
		{78B079BD-9FC7-4B9E-B4A6-96DA0F00248B}.Release|Win32.Build.0 = Release Multithreaded|Win32
		{3BD711CA-891A-4D65-A462-B2114402465F}.Debug|Win32.ActiveCfg = Debug|Win32
		{3BD711CA-891A-4D65-A462-B2114402465F}.Debug|Win32.Build.0 = Debug|Win32
		{3BD711CA-891A-4D65-A462-B2114402465F}.Release|Win32.ActiveCfg = Release|Win32
		{3BD711CA-891A-4D65-A462-B2114402465F}.Release|Win32.Build.0 = Release|Win32
	EndGlobalSection
	GlobalSection(SolutionProperties) = preSolution
		HideSolutionNode = FALSE
	EndGlobalSection
	GlobalSection(NestedProjects) = preSolution
		{CD662F30-81AF-455D-BAFE-F2AB792946DF} = {CEF95F9D-5C16-4216-A9E1-0540454B1C3E}
		{FF168AA3-1B40-4025-A51D-4F405112F336} = {CEF95F9D-5C16-4216-A9E1-0540454B1C3E}
		{91FAD237-335F-455A-ACBD-0220BDDEEF59} = {CEF95F9D-5C16-4216-A9E1-0540454B1C3E}
		{B6336438-778E-43FF-A4AC-3FE436BEB1A0} = {CEF95F9D-5C16-4216-A9E1-0540454B1C3E}
		{F31D47E7-4C01-4B67-8EB8-4252E911878C} = {CEF95F9D-5C16-4216-A9E1-0540454B1C3E}
		{CF82DE0B-7D37-459D-8109-602EC9F3263D} = {CEF95F9D-5C16-4216-A9E1-0540454B1C3E}
		{5D558997-D21E-42BF-BCDA-6D076532FBB6} = {CEF95F9D-5C16-4216-A9E1-0540454B1C3E}
		{7E1331FD-F24E-4C81-9C64-6A0C96097D3D} = {5AB27783-6280-4ACC-9C6F-8181AAEC5D43}
		{959D19E8-B63A-4223-9A83-C4568292AB4F} = {5AB27783-6280-4ACC-9C6F-8181AAEC5D43}
		{C9B7C6C4-41DF-414D-A982-A79900751AD8} = {5AB27783-6280-4ACC-9C6F-8181AAEC5D43}
		{FF403D66-B5EC-43EB-8B39-2EFBBDD20AB4} = {5AB27783-6280-4ACC-9C6F-8181AAEC5D43}
		{74B3B800-4781-4956-B75D-479F03F7948E} = {5AB27783-6280-4ACC-9C6F-8181AAEC5D43}
		{E3FF92BE-320F-4F7D-97A9-37D281B665D6} = {5AB27783-6280-4ACC-9C6F-8181AAEC5D43}
		{AAA4E80E-71EB-42EC-B8F2-0C4399693755} = {5AB27783-6280-4ACC-9C6F-8181AAEC5D43}
		{78B079BD-9FC7-4B9E-B4A6-96DA0F00248B} = {5AB27783-6280-4ACC-9C6F-8181AAEC5D43}
		{4DEB7CE8-D3CE-4F65-A7AF-72EF9A5BBD7F} = {FF403D66-B5EC-43EB-8B39-2EFBBDD20AB4}
		{E9BAD0D8-7097-4083-94FF-98CA82E0A8A3} = {FF403D66-B5EC-43EB-8B39-2EFBBDD20AB4}
		{B9E03EE0-3C97-461E-A823-D4693F986E53} = {FF403D66-B5EC-43EB-8B39-2EFBBDD20AB4}
		{22DD9D06-E946-4DDA-94F8-C03B050F5840} = {FF403D66-B5EC-43EB-8B39-2EFBBDD20AB4}
		{0174C870-805F-47AB-8004-B770514A11BD} = {FF403D66-B5EC-43EB-8B39-2EFBBDD20AB4}
		{0F1B983D-BBE5-4BE8-B9DC-82E0E76D4407} = {FF403D66-B5EC-43EB-8B39-2EFBBDD20AB4}
		{478A25A5-8C5B-46CA-A6BE-22C28B4AAB0C} = {FF403D66-B5EC-43EB-8B39-2EFBBDD20AB4}
		{DB49D29D-5834-44F9-805B-2773BFCA85BD} = {FF403D66-B5EC-43EB-8B39-2EFBBDD20AB4}
		{B9CC6EA6-B675-43A1-95F3-47A2513FE55E} = {FF403D66-B5EC-43EB-8B39-2EFBBDD20AB4}
		{ABB96D29-D098-43E4-B9F8-CB754DCB02C9} = {FF403D66-B5EC-43EB-8B39-2EFBBDD20AB4}
		{E8A59987-A86A-47CC-A6F5-32712FFFBF54} = {FF403D66-B5EC-43EB-8B39-2EFBBDD20AB4}
		{16A0667D-B6B4-4576-8711-DBF02868F6DF} = {FF403D66-B5EC-43EB-8B39-2EFBBDD20AB4}
		{DEA4624A-A8C8-425A-B735-3A51F9493979} = {FF403D66-B5EC-43EB-8B39-2EFBBDD20AB4}
		{3D72FC73-6645-4806-8B7B-4B3C409AC1BA} = {CF82DE0B-7D37-459D-8109-602EC9F3263D}
		{9CC36963-FB17-4106-9593-D3DF2AF200B5} = {CF82DE0B-7D37-459D-8109-602EC9F3263D}
		{3BD711CA-891A-4D65-A462-B2114402465F} = {9CC36963-FB17-4106-9593-D3DF2AF200B5}
	EndGlobalSection
	GlobalSection(ExtensibilityGlobals) = postSolution
		AMDCaProjectFile = C:\Dev\Heart.v2\Heart\CodeAnalyst\Heart.caw
	EndGlobalSection
EndGlobal
